// !$*UTF8*$!
{
	archiveVersion = 1;
	classes = {
	};
	objectVersion = 52;
	objects = {

/* Begin PBXBuildFile section */
		058557BB273AAA24004C7B11 /* Assets.xcassets in Resources */ = {isa = PBXBuildFile; fileRef = 058557BA273AAA24004C7B11 /* Assets.xcassets */; };
		058557D9273AAEEB004C7B11 /* Preview Assets.xcassets in Resources */ = {isa = PBXBuildFile; fileRef = 058557D8273AAEEB004C7B11 /* Preview Assets.xcassets */; };
		2152FB042600AC8F00CF470E /* iOSApp.swift in Sources */ = {isa = PBXBuildFile; fileRef = 2152FB032600AC8F00CF470E /* iOSApp.swift */; };
		A06295742C5F78C300B436B0 /* SpeedPicker.swift in Sources */ = {isa = PBXBuildFile; fileRef = A06295732C5F78C300B436B0 /* SpeedPicker.swift */; };
		A06295762C5F828200B436B0 /* PlayerButton.swift in Sources */ = {isa = PBXBuildFile; fileRef = A06295752C5F828200B436B0 /* PlayerButton.swift */; };
		A06295782C61496B00B436B0 /* ToastView.swift in Sources */ = {isa = PBXBuildFile; fileRef = A06295772C61496B00B436B0 /* ToastView.swift */; };
		A0D9B6C82C5E7C720002A630 /* Toast.swift in Sources */ = {isa = PBXBuildFile; fileRef = A0D9B6C72C5E7C720002A630 /* Toast.swift */; };
		C60B317728F96978001AB927 /* PlayerView.swift in Sources */ = {isa = PBXBuildFile; fileRef = C60B317628F96978001AB927 /* PlayerView.swift */; };
		C60B317B28F9710F001AB927 /* StubPlayerComponent.swift in Sources */ = {isa = PBXBuildFile; fileRef = C60B317A28F9710F001AB927 /* StubPlayerComponent.swift */; };
		C60B318028F98491001AB927 /* FoldableView.swift in Sources */ = {isa = PBXBuildFile; fileRef = C60B317F28F98491001AB927 /* FoldableView.swift */; };
		C60B318228F98AE1001AB927 /* PlayerTitleAndProgress.swift in Sources */ = {isa = PBXBuildFile; fileRef = C60B318128F98AE1001AB927 /* PlayerTitleAndProgress.swift */; };
		C60B318428F98D8D001AB927 /* PlayPauseButton.swift in Sources */ = {isa = PBXBuildFile; fileRef = C60B318328F98D8D001AB927 /* PlayPauseButton.swift */; };
		C60B318628F990B7001AB927 /* SmoothProgress.swift in Sources */ = {isa = PBXBuildFile; fileRef = C60B318528F990B7001AB927 /* SmoothProgress.swift */; };
		C60B318828F99A83001AB927 /* ClosePlayerDialog.swift in Sources */ = {isa = PBXBuildFile; fileRef = C60B318728F99A83001AB927 /* ClosePlayerDialog.swift */; };
		C60B318A28F99D2F001AB927 /* DialogButton.swift in Sources */ = {isa = PBXBuildFile; fileRef = C60B318928F99D2F001AB927 /* DialogButton.swift */; };
		C625146D2939F77500C5477A /* Purchases.swift in Sources */ = {isa = PBXBuildFile; fileRef = C625146C2939F77500C5477A /* Purchases.swift */; };
		C6251476293A1A6100C5477A /* IAPManager.swift in Sources */ = {isa = PBXBuildFile; fileRef = C6251475293A1A6100C5477A /* IAPManager.swift */; };
		C640958C28FBFA7F0057A634 /* GoogleService-Info.plist in Resources */ = {isa = PBXBuildFile; fileRef = C640958B28FBFA7F0057A634 /* GoogleService-Info.plist */; };
		C640958F28FBFC4E0057A634 /* FirebaseAnalytics in Frameworks */ = {isa = PBXBuildFile; productRef = C640958E28FBFC4E0057A634 /* FirebaseAnalytics */; };
		C640959128FBFC4E0057A634 /* FirebaseCrashlytics in Frameworks */ = {isa = PBXBuildFile; productRef = C640959028FBFC4E0057A634 /* FirebaseCrashlytics */; };
		C640959328FBFE3E0057A634 /* MailView.swift in Sources */ = {isa = PBXBuildFile; fileRef = C640959228FBFE3E0057A634 /* MailView.swift */; };
		C640959628FC7E160057A634 /* CrashlyticsLog.swift in Sources */ = {isa = PBXBuildFile; fileRef = C640959528FC7E160057A634 /* CrashlyticsLog.swift */; };
		C640959828FC83C90057A634 /* AppUtil.swift in Sources */ = {isa = PBXBuildFile; fileRef = C640959728FC83C90057A634 /* AppUtil.swift */; };
		C65D1E8929A11CA0000965BF /* IOsStringResourceHandler.kt in Resources */ = {isa = PBXBuildFile; fileRef = C65D1E8729A11CA0000965BF /* IOsStringResourceHandler.kt */; };
		C65D1E8A29A11CA0000965BF /* IOsFileUtils.kt in Resources */ = {isa = PBXBuildFile; fileRef = C65D1E8829A11CA0000965BF /* IOsFileUtils.kt */; };
		C65D1E8C29A11CF4000965BF /* Locales.kt in Resources */ = {isa = PBXBuildFile; fileRef = C65D1E8B29A11CF4000965BF /* Locales.kt */; };
		C67396B228FAD0A300F1992B /* SettingsView.swift in Sources */ = {isa = PBXBuildFile; fileRef = C67396B128FAD0A300F1992B /* SettingsView.swift */; };
		C67396B428FB32C100F1992B /* WeekPicker.swift in Sources */ = {isa = PBXBuildFile; fileRef = C67396B328FB32C100F1992B /* WeekPicker.swift */; };
		C67396B628FB3D2400F1992B /* LocalePicker.swift in Sources */ = {isa = PBXBuildFile; fileRef = C67396B528FB3D2400F1992B /* LocalePicker.swift */; };
		C698535728F749C7000CF70A /* Analytics.swift in Sources */ = {isa = PBXBuildFile; fileRef = C698535628F749C7000CF70A /* Analytics.swift */; };
		C698535928F7FA4A000CF70A /* AnyFlow.swift in Sources */ = {isa = PBXBuildFile; fileRef = C698535828F7FA4A000CF70A /* AnyFlow.swift */; };
		C698535B28F84F40000CF70A /* StubPlayerBus.swift in Sources */ = {isa = PBXBuildFile; fileRef = C698535A28F84F40000CF70A /* StubPlayerBus.swift */; };
		C698535E28F85209000CF70A /* ListView.swift in Sources */ = {isa = PBXBuildFile; fileRef = C698535D28F85209000CF70A /* ListView.swift */; };
		C698536028F8531B000CF70A /* ListItemView.swift in Sources */ = {isa = PBXBuildFile; fileRef = C698535F28F8531B000CF70A /* ListItemView.swift */; };
		C698536228F94B3E000CF70A /* StandartCheckBox.swift in Sources */ = {isa = PBXBuildFile; fileRef = C698536128F94B3E000CF70A /* StandartCheckBox.swift */; };
		C698536428F9527D000CF70A /* ChooseList.swift in Sources */ = {isa = PBXBuildFile; fileRef = C698536328F9527D000CF70A /* ChooseList.swift */; };
		C698536628F962D7000CF70A /* ChooseListButton.swift in Sources */ = {isa = PBXBuildFile; fileRef = C698536528F962D7000CF70A /* ChooseListButton.swift */; };
		C6A88901292E57030009DF1F /* MarkdownText.swift in Sources */ = {isa = PBXBuildFile; fileRef = C6A88900292E57030009DF1F /* MarkdownText.swift */; };
		C6A9CA6028F40DAC00222DBB /* ObservableValue.swift in Sources */ = {isa = PBXBuildFile; fileRef = C6A9CA5F28F40DAC00222DBB /* ObservableValue.swift */; };
		C6A9CA6228F40DD200222DBB /* SimpleRouterState.swift in Sources */ = {isa = PBXBuildFile; fileRef = C6A9CA6128F40DD200222DBB /* SimpleRouterState.swift */; };
		C6C9E8E2292B87F2007BADA9 /* PreRatingPopup.swift in Sources */ = {isa = PBXBuildFile; fileRef = C6C9E8E1292B87F2007BADA9 /* PreRatingPopup.swift */; };
		C6DC4E9D28F5493000012D2B /* Mocks.swift in Sources */ = {isa = PBXBuildFile; fileRef = C6DC4E9C28F5493000012D2B /* Mocks.swift */; };
		C6DC4EA028F549D900012D2B /* StubRootComponent.swift in Sources */ = {isa = PBXBuildFile; fileRef = C6DC4E9F28F549D900012D2B /* StubRootComponent.swift */; };
		C6DC4EA228F54A1D00012D2B /* StubListComponent.swift in Sources */ = {isa = PBXBuildFile; fileRef = C6DC4EA128F54A1D00012D2B /* StubListComponent.swift */; };
		C6DC4EC628F5516900012D2B /* RootView.swift in Sources */ = {isa = PBXBuildFile; fileRef = C6DC4EA428F5516900012D2B /* RootView.swift */; };
		C6DC4ECB28F5516900012D2B /* ComponentHolder.swift in Sources */ = {isa = PBXBuildFile; fileRef = C6DC4EAB28F5516900012D2B /* ComponentHolder.swift */; };
		C6DC4ECC28F5516900012D2B /* ContentView.swift in Sources */ = {isa = PBXBuildFile; fileRef = C6DC4EAC28F5516900012D2B /* ContentView.swift */; };
		C6DC4ECD28F5516900012D2B /* PlayButton.swift in Sources */ = {isa = PBXBuildFile; fileRef = C6DC4EAE28F5516900012D2B /* PlayButton.swift */; };
		C6DC4ECE28F5516900012D2B /* FavoriteButton.swift in Sources */ = {isa = PBXBuildFile; fileRef = C6DC4EAF28F5516900012D2B /* FavoriteButton.swift */; };
		C6DC4ECF28F5516900012D2B /* CornerRadius.swift in Sources */ = {isa = PBXBuildFile; fileRef = C6DC4EB028F5516900012D2B /* CornerRadius.swift */; };
		C6DC4ED228F5516900012D2B /* RemoteControlHandler.swift in Sources */ = {isa = PBXBuildFile; fileRef = C6DC4EB528F5516900012D2B /* RemoteControlHandler.swift */; };
		C6DC4ED328F5516900012D2B /* NotificationsHandler.swift in Sources */ = {isa = PBXBuildFile; fileRef = C6DC4EB628F5516900012D2B /* NotificationsHandler.swift */; };
		C6DC4ED428F5516900012D2B /* RemoteControlMode.swift in Sources */ = {isa = PBXBuildFile; fileRef = C6DC4EB728F5516900012D2B /* RemoteControlMode.swift */; };
		C6DC4ED728F5516900012D2B /* PeriodicTimeObserver.swift in Sources */ = {isa = PBXBuildFile; fileRef = C6DC4EBA28F5516900012D2B /* PeriodicTimeObserver.swift */; };
		C6DC4ED828F5516900012D2B /* Defaults.swift in Sources */ = {isa = PBXBuildFile; fileRef = C6DC4EBB28F5516900012D2B /* Defaults.swift */; };
		C6DC4ED928F5516900012D2B /* PlayerStatus.swift in Sources */ = {isa = PBXBuildFile; fileRef = C6DC4EBC28F5516900012D2B /* PlayerStatus.swift */; };
		C6DC4EDA28F5516900012D2B /* Player.swift in Sources */ = {isa = PBXBuildFile; fileRef = C6DC4EBD28F5516900012D2B /* Player.swift */; };
		C6DC4EDB28F5516900012D2B /* PlayerItem.swift in Sources */ = {isa = PBXBuildFile; fileRef = C6DC4EBE28F5516900012D2B /* PlayerItem.swift */; };
		C6DC4EDD28F5516900012D2B /* TimeUtils.swift in Sources */ = {isa = PBXBuildFile; fileRef = C6DC4EC128F5516900012D2B /* TimeUtils.swift */; };
		C6DC4EDE28F5516900012D2B /* Sizes.swift in Sources */ = {isa = PBXBuildFile; fileRef = C6DC4EC328F5516900012D2B /* Sizes.swift */; };
		C6DC4EDF28F5516900012D2B /* Theme.swift in Sources */ = {isa = PBXBuildFile; fileRef = C6DC4EC428F5516900012D2B /* Theme.swift */; };
		C6DC4EE028F5516900012D2B /* Colors.swift in Sources */ = {isa = PBXBuildFile; fileRef = C6DC4EC528F5516900012D2B /* Colors.swift */; };
		C6F82EDB293F385C0001BB9D /* DonationsState.kt in Resources */ = {isa = PBXBuildFile; fileRef = C6F82ED8293F385C0001BB9D /* DonationsState.kt */; };
		C6F82EDC293F385C0001BB9D /* DonationsOutput.kt in Resources */ = {isa = PBXBuildFile; fileRef = C6F82ED9293F385C0001BB9D /* DonationsOutput.kt */; };
		C6F82EDD293F385C0001BB9D /* DonationsComponent.kt in Resources */ = {isa = PBXBuildFile; fileRef = C6F82EDA293F385C0001BB9D /* DonationsComponent.kt */; };
		C6F82EE8293F38730001BB9D /* SettingsOutput.kt in Resources */ = {isa = PBXBuildFile; fileRef = C6F82EE5293F38730001BB9D /* SettingsOutput.kt */; };
		C6F82EE9293F38730001BB9D /* SettingsState.kt in Resources */ = {isa = PBXBuildFile; fileRef = C6F82EE6293F38730001BB9D /* SettingsState.kt */; };
		C6F82EEA293F38730001BB9D /* SettingsComponent.kt in Resources */ = {isa = PBXBuildFile; fileRef = C6F82EE7293F38730001BB9D /* SettingsComponent.kt */; };
		C6F83085293F38970001BB9D /* PlayerState.kt in Resources */ = {isa = PBXBuildFile; fileRef = C6F83080293F38970001BB9D /* PlayerState.kt */; };
		C6F83086293F38970001BB9D /* PlayerFeedback.kt in Resources */ = {isa = PBXBuildFile; fileRef = C6F83081293F38970001BB9D /* PlayerFeedback.kt */; };
		C6F83087293F38970001BB9D /* PlayerComponent.kt in Resources */ = {isa = PBXBuildFile; fileRef = C6F83082293F38970001BB9D /* PlayerComponent.kt */; };
		C6F83088293F38970001BB9D /* PlayerBus.kt in Resources */ = {isa = PBXBuildFile; fileRef = C6F83083293F38970001BB9D /* PlayerBus.kt */; };
		C6F83089293F38970001BB9D /* PlayerOutput.kt in Resources */ = {isa = PBXBuildFile; fileRef = C6F83084293F38970001BB9D /* PlayerOutput.kt */; };
		C6F841C0293F38D30001BB9D /* PlayerDeps.kt in Resources */ = {isa = PBXBuildFile; fileRef = C6F841B8293F38D30001BB9D /* PlayerDeps.kt */; };
		C6F841C1293F38D30001BB9D /* PlayerComponentImpl.kt in Resources */ = {isa = PBXBuildFile; fileRef = C6F841B9293F38D30001BB9D /* PlayerComponentImpl.kt */; };
		C6F841C2293F38D30001BB9D /* PlayerBusImpl.kt in Resources */ = {isa = PBXBuildFile; fileRef = C6F841BA293F38D30001BB9D /* PlayerBusImpl.kt */; };
		C6F841C3293F38D30001BB9D /* PlayerLabel.kt in Resources */ = {isa = PBXBuildFile; fileRef = C6F841BC293F38D30001BB9D /* PlayerLabel.kt */; };
		C6F841C4293F38D30001BB9D /* PlayerIntent.kt in Resources */ = {isa = PBXBuildFile; fileRef = C6F841BD293F38D30001BB9D /* PlayerIntent.kt */; };
		C6F841C5293F38D30001BB9D /* PlayerStore.kt in Resources */ = {isa = PBXBuildFile; fileRef = C6F841BE293F38D30001BB9D /* PlayerStore.kt */; };
		C6F841C6293F38D30001BB9D /* PlayerStoreFactory.kt in Resources */ = {isa = PBXBuildFile; fileRef = C6F841BF293F38D30001BB9D /* PlayerStoreFactory.kt */; };
		C6F841E5293F38F00001BB9D /* Donation.kt in Resources */ = {isa = PBXBuildFile; fileRef = C6F841CE293F38F00001BB9D /* Donation.kt */; };
		C6F841E6293F38F00001BB9D /* SetTrackTask.kt in Resources */ = {isa = PBXBuildFile; fileRef = C6F841D0293F38F00001BB9D /* SetTrackTask.kt */; };
		C6F841E7293F38F00001BB9D /* PauseTask.kt in Resources */ = {isa = PBXBuildFile; fileRef = C6F841D1293F38F00001BB9D /* PauseTask.kt */; };
		C6F841E8293F38F00001BB9D /* PlayTranslationTask.kt in Resources */ = {isa = PBXBuildFile; fileRef = C6F841D2293F38F00001BB9D /* PlayTranslationTask.kt */; };
		C6F841E9293F38F00001BB9D /* ResetCounterTask.kt in Resources */ = {isa = PBXBuildFile; fileRef = C6F841D3293F38F00001BB9D /* ResetCounterTask.kt */; };
		C6F841EA293F38F00001BB9D /* PlayTask.kt in Resources */ = {isa = PBXBuildFile; fileRef = C6F841D4293F38F00001BB9D /* PlayTask.kt */; };
		C6F841EB293F38F00001BB9D /* IdleTask.kt in Resources */ = {isa = PBXBuildFile; fileRef = C6F841D5293F38F00001BB9D /* IdleTask.kt */; };
		C6F841EC293F38F00001BB9D /* Task.kt in Resources */ = {isa = PBXBuildFile; fileRef = C6F841D6293F38F00001BB9D /* Task.kt */; };
		C6F841ED293F38F00001BB9D /* NoAudioTask.kt in Resources */ = {isa = PBXBuildFile; fileRef = C6F841D7293F38F00001BB9D /* NoAudioTask.kt */; };
		C6F841EE293F38F00001BB9D /* StopTask.kt in Resources */ = {isa = PBXBuildFile; fileRef = C6F841D8293F38F00001BB9D /* StopTask.kt */; };
		C6F841F0293F38F00001BB9D /* ListConfig.kt in Resources */ = {isa = PBXBuildFile; fileRef = C6F841DA293F38F00001BB9D /* ListConfig.kt */; };
		C6F841F2293F38F00001BB9D /* ShlokaId.kt in Resources */ = {isa = PBXBuildFile; fileRef = C6F841DC293F38F00001BB9D /* ShlokaId.kt */; };
		C6F841F3293F38F00001BB9D /* PlayConfig.kt in Resources */ = {isa = PBXBuildFile; fileRef = C6F841DD293F38F00001BB9D /* PlayConfig.kt */; };
		C6F841F4293F38F00001BB9D /* DonationLevel.kt in Resources */ = {isa = PBXBuildFile; fileRef = C6F841DE293F38F00001BB9D /* DonationLevel.kt */; };
		C6F841F5293F38F00001BB9D /* FtueStatus.kt in Resources */ = {isa = PBXBuildFile; fileRef = C6F841DF293F38F00001BB9D /* FtueStatus.kt */; };
		C6F841F6293F38F00001BB9D /* ListId.kt in Resources */ = {isa = PBXBuildFile; fileRef = C6F841E0293F38F00001BB9D /* ListId.kt */; };
		C6F841F7293F38F00001BB9D /* ShlokaConfig.kt in Resources */ = {isa = PBXBuildFile; fileRef = C6F841E1293F38F00001BB9D /* ShlokaConfig.kt */; };
		C6F841F8293F38F00001BB9D /* Shloka.kt in Resources */ = {isa = PBXBuildFile; fileRef = C6F841E2293F38F00001BB9D /* Shloka.kt */; };
		C6F841F9293F38F00001BB9D /* Chunk.kt in Resources */ = {isa = PBXBuildFile; fileRef = C6F841E3293F38F00001BB9D /* Chunk.kt */; };
		C6F841FA293F38F00001BB9D /* PlatformApi.kt in Resources */ = {isa = PBXBuildFile; fileRef = C6F841E4293F38F00001BB9D /* PlatformApi.kt */; };
		C6F84A6F293F39190001BB9D /* ListState.kt in Resources */ = {isa = PBXBuildFile; fileRef = C6F84A6B293F39190001BB9D /* ListState.kt */; };
		C6F84A70293F39190001BB9D /* ListComponent.kt in Resources */ = {isa = PBXBuildFile; fileRef = C6F84A6C293F39190001BB9D /* ListComponent.kt */; };
		C6F84A71293F39190001BB9D /* ListPresentation.kt in Resources */ = {isa = PBXBuildFile; fileRef = C6F84A6D293F39190001BB9D /* ListPresentation.kt */; };
		C6F84A72293F39190001BB9D /* ListOutput.kt in Resources */ = {isa = PBXBuildFile; fileRef = C6F84A6E293F39190001BB9D /* ListOutput.kt */; };
		C6F84AA8293F39250001BB9D /* LogTag.kt in Resources */ = {isa = PBXBuildFile; fileRef = C6F84A7A293F39250001BB9D /* LogTag.kt */; };
		C6F84AAA293F39250001BB9D /* Settings.kt in Resources */ = {isa = PBXBuildFile; fileRef = C6F84A7C293F39250001BB9D /* Settings.kt */; };
		C6F84AAC293F39250001BB9D /* InappReviewInteractor.kt in Resources */ = {isa = PBXBuildFile; fileRef = C6F84A7E293F39250001BB9D /* InappReviewInteractor.kt */; };
		C6F84AAD293F39250001BB9D /* Consumer.kt in Resources */ = {isa = PBXBuildFile; fileRef = C6F84A7F293F39250001BB9D /* Consumer.kt */; };
		C6F84AAE293F39250001BB9D /* ConnectivityObserver.kt in Resources */ = {isa = PBXBuildFile; fileRef = C6F84A81293F39250001BB9D /* ConnectivityObserver.kt */; };
		C6F84AAF293F39250001BB9D /* CoroutinesExt.kt in Resources */ = {isa = PBXBuildFile; fileRef = C6F84A82293F39250001BB9D /* CoroutinesExt.kt */; };
		C6F84AB0293F39250001BB9D /* ConfigReader.kt in Resources */ = {isa = PBXBuildFile; fileRef = C6F84A84293F39250001BB9D /* ConfigReader.kt */; };
		C6F84AB1293F39250001BB9D /* DonationsMap.kt in Resources */ = {isa = PBXBuildFile; fileRef = C6F84A85293F39250001BB9D /* DonationsMap.kt */; };
		C6F84AB2293F39250001BB9D /* VersesMap.kt in Resources */ = {isa = PBXBuildFile; fileRef = C6F84A86293F39250001BB9D /* VersesMap.kt */; };
		C6F84AB3293F39250001BB9D /* StringResourceHandler.kt in Resources */ = {isa = PBXBuildFile; fileRef = C6F84A87293F39250001BB9D /* StringResourceHandler.kt */; };
		C6F84AB4293F39250001BB9D /* ListsMap.kt in Resources */ = {isa = PBXBuildFile; fileRef = C6F84A88293F39250001BB9D /* ListsMap.kt */; };
		C6F84AB5293F39250001BB9D /* DispatcherProvider.kt in Resources */ = {isa = PBXBuildFile; fileRef = C6F84A8A293F39250001BB9D /* DispatcherProvider.kt */; };
		C6F84AB6293F39250001BB9D /* DispatcherProviderImpl.kt in Resources */ = {isa = PBXBuildFile; fileRef = C6F84A8B293F39250001BB9D /* DispatcherProviderImpl.kt */; };
		C6F84AB7293F39250001BB9D /* StoreExt.kt in Resources */ = {isa = PBXBuildFile; fileRef = C6F84A8C293F39250001BB9D /* StoreExt.kt */; };
		C6F84AB9293F39250001BB9D /* MimeTypes.kt in Resources */ = {isa = PBXBuildFile; fileRef = C6F84A8E293F39250001BB9D /* MimeTypes.kt */; };
		C6F84ABA293F39250001BB9D /* NapierProxy.kt in Resources */ = {isa = PBXBuildFile; fileRef = C6F84A8F293F39250001BB9D /* NapierProxy.kt */; };
		C6F84ABB293F39250001BB9D /* BillingEvent.kt in Resources */ = {isa = PBXBuildFile; fileRef = C6F84A91293F39250001BB9D /* BillingEvent.kt */; };
		C6F84ABC293F39250001BB9D /* BillingOperation.kt in Resources */ = {isa = PBXBuildFile; fileRef = C6F84A92293F39250001BB9D /* BillingOperation.kt */; };
		C6F84ABD293F39250001BB9D /* BillingHelper.kt in Resources */ = {isa = PBXBuildFile; fileRef = C6F84A93293F39250001BB9D /* BillingHelper.kt */; };
		C6F84ABE293F39250001BB9D /* BillingHelperDefault.kt in Resources */ = {isa = PBXBuildFile; fileRef = C6F84A94293F39250001BB9D /* BillingHelperDefault.kt */; };
		C6F84ABF293F39250001BB9D /* AnalyticsParam.kt in Resources */ = {isa = PBXBuildFile; fileRef = C6F84A96293F39250001BB9D /* AnalyticsParam.kt */; };
		C6F84AC0293F39250001BB9D /* AnalyticsScreen.kt in Resources */ = {isa = PBXBuildFile; fileRef = C6F84A97293F39250001BB9D /* AnalyticsScreen.kt */; };
		C6F84AC1293F39250001BB9D /* Analytics.kt in Resources */ = {isa = PBXBuildFile; fileRef = C6F84A98293F39250001BB9D /* Analytics.kt */; };
		C6F84AC2293F39250001BB9D /* AnalyticsEvent.kt in Resources */ = {isa = PBXBuildFile; fileRef = C6F84A99293F39250001BB9D /* AnalyticsEvent.kt */; };
		C6F84AC3293F39250001BB9D /* FileUtils.kt in Resources */ = {isa = PBXBuildFile; fileRef = C6F84A9A293F39250001BB9D /* FileUtils.kt */; };
/* End PBXBuildFile section */

/* Begin PBXCopyFilesBuildPhase section */
		7555FFB4242A642300829871 /* Embed Frameworks */ = {
			isa = PBXCopyFilesBuildPhase;
			buildActionMask = 2147483647;
			dstPath = "";
			dstSubfolderSpec = 10;
			files = (
			);
			name = "Embed Frameworks";
			runOnlyForDeploymentPostprocessing = 0;
		};
/* End PBXCopyFilesBuildPhase section */

/* Begin PBXFileReference section */
		058557BA273AAA24004C7B11 /* Assets.xcassets */ = {isa = PBXFileReference; lastKnownFileType = folder.assetcatalog; path = Assets.xcassets; sourceTree = "<group>"; };
		058557D8273AAEEB004C7B11 /* Preview Assets.xcassets */ = {isa = PBXFileReference; lastKnownFileType = folder.assetcatalog; path = "Preview Assets.xcassets"; sourceTree = "<group>"; };
		2152FB032600AC8F00CF470E /* iOSApp.swift */ = {isa = PBXFileReference; lastKnownFileType = sourcecode.swift; path = iOSApp.swift; sourceTree = "<group>"; };
		7555FF7B242A565900829871 /* iosApp.app */ = {isa = PBXFileReference; explicitFileType = wrapper.application; includeInIndex = 0; path = iosApp.app; sourceTree = BUILT_PRODUCTS_DIR; };
		7555FF8C242A565B00829871 /* Info.plist */ = {isa = PBXFileReference; lastKnownFileType = text.plist.xml; path = Info.plist; sourceTree = "<group>"; };
		A06295732C5F78C300B436B0 /* SpeedPicker.swift */ = {isa = PBXFileReference; lastKnownFileType = sourcecode.swift; path = SpeedPicker.swift; sourceTree = "<group>"; };
		A06295752C5F828200B436B0 /* PlayerButton.swift */ = {isa = PBXFileReference; lastKnownFileType = sourcecode.swift; path = PlayerButton.swift; sourceTree = "<group>"; };
		A06295772C61496B00B436B0 /* ToastView.swift */ = {isa = PBXFileReference; lastKnownFileType = sourcecode.swift; path = ToastView.swift; sourceTree = "<group>"; };
		A0D9B6C72C5E7C720002A630 /* Toast.swift */ = {isa = PBXFileReference; lastKnownFileType = sourcecode.swift; path = Toast.swift; sourceTree = "<group>"; };
		C60B317628F96978001AB927 /* PlayerView.swift */ = {isa = PBXFileReference; lastKnownFileType = sourcecode.swift; path = PlayerView.swift; sourceTree = "<group>"; };
		C60B317A28F9710F001AB927 /* StubPlayerComponent.swift */ = {isa = PBXFileReference; lastKnownFileType = sourcecode.swift; path = StubPlayerComponent.swift; sourceTree = "<group>"; };
		C60B317F28F98491001AB927 /* FoldableView.swift */ = {isa = PBXFileReference; lastKnownFileType = sourcecode.swift; path = FoldableView.swift; sourceTree = "<group>"; };
		C60B318128F98AE1001AB927 /* PlayerTitleAndProgress.swift */ = {isa = PBXFileReference; lastKnownFileType = sourcecode.swift; path = PlayerTitleAndProgress.swift; sourceTree = "<group>"; };
		C60B318328F98D8D001AB927 /* PlayPauseButton.swift */ = {isa = PBXFileReference; lastKnownFileType = sourcecode.swift; path = PlayPauseButton.swift; sourceTree = "<group>"; };
		C60B318528F990B7001AB927 /* SmoothProgress.swift */ = {isa = PBXFileReference; lastKnownFileType = sourcecode.swift; path = SmoothProgress.swift; sourceTree = "<group>"; };
		C60B318728F99A83001AB927 /* ClosePlayerDialog.swift */ = {isa = PBXFileReference; lastKnownFileType = sourcecode.swift; path = ClosePlayerDialog.swift; sourceTree = "<group>"; };
		C60B318928F99D2F001AB927 /* DialogButton.swift */ = {isa = PBXFileReference; lastKnownFileType = sourcecode.swift; path = DialogButton.swift; sourceTree = "<group>"; };
		C625146C2939F77500C5477A /* Purchases.swift */ = {isa = PBXFileReference; lastKnownFileType = sourcecode.swift; path = Purchases.swift; sourceTree = "<group>"; };
		C6251473293A163600C5477A /* MemorizeShlokaStoreKit.storekit */ = {isa = PBXFileReference; lastKnownFileType = text; path = MemorizeShlokaStoreKit.storekit; sourceTree = "<group>"; };
		C6251474293A16E300C5477A /* MyTestStoreKit.storekit */ = {isa = PBXFileReference; lastKnownFileType = text; path = MyTestStoreKit.storekit; sourceTree = "<group>"; };
		C6251475293A1A6100C5477A /* IAPManager.swift */ = {isa = PBXFileReference; lastKnownFileType = sourcecode.swift; path = IAPManager.swift; sourceTree = "<group>"; };
		C640958B28FBFA7F0057A634 /* GoogleService-Info.plist */ = {isa = PBXFileReference; fileEncoding = 4; lastKnownFileType = text.plist.xml; path = "GoogleService-Info.plist"; sourceTree = "<group>"; };
		C640959228FBFE3E0057A634 /* MailView.swift */ = {isa = PBXFileReference; lastKnownFileType = sourcecode.swift; path = MailView.swift; sourceTree = "<group>"; };
		C640959528FC7E160057A634 /* CrashlyticsLog.swift */ = {isa = PBXFileReference; lastKnownFileType = sourcecode.swift; path = CrashlyticsLog.swift; sourceTree = "<group>"; };
		C640959728FC83C90057A634 /* AppUtil.swift */ = {isa = PBXFileReference; lastKnownFileType = sourcecode.swift; path = AppUtil.swift; sourceTree = "<group>"; };
		C640959928FC85780057A634 /* iosApp.entitlements */ = {isa = PBXFileReference; lastKnownFileType = text.plist.entitlements; path = iosApp.entitlements; sourceTree = "<group>"; };
		C65D1E8729A11CA0000965BF /* IOsStringResourceHandler.kt */ = {isa = PBXFileReference; fileEncoding = 4; lastKnownFileType = text; path = IOsStringResourceHandler.kt; sourceTree = "<group>"; };
		C65D1E8829A11CA0000965BF /* IOsFileUtils.kt */ = {isa = PBXFileReference; fileEncoding = 4; lastKnownFileType = text; path = IOsFileUtils.kt; sourceTree = "<group>"; };
		C65D1E8B29A11CF4000965BF /* Locales.kt */ = {isa = PBXFileReference; fileEncoding = 4; lastKnownFileType = text; path = Locales.kt; sourceTree = "<group>"; };
		C67396B128FAD0A300F1992B /* SettingsView.swift */ = {isa = PBXFileReference; lastKnownFileType = sourcecode.swift; path = SettingsView.swift; sourceTree = "<group>"; };
		C67396B328FB32C100F1992B /* WeekPicker.swift */ = {isa = PBXFileReference; lastKnownFileType = sourcecode.swift; path = WeekPicker.swift; sourceTree = "<group>"; };
		C67396B528FB3D2400F1992B /* LocalePicker.swift */ = {isa = PBXFileReference; lastKnownFileType = sourcecode.swift; path = LocalePicker.swift; sourceTree = "<group>"; };
		C698535628F749C7000CF70A /* Analytics.swift */ = {isa = PBXFileReference; lastKnownFileType = sourcecode.swift; path = Analytics.swift; sourceTree = "<group>"; };
		C698535828F7FA4A000CF70A /* AnyFlow.swift */ = {isa = PBXFileReference; lastKnownFileType = sourcecode.swift; path = AnyFlow.swift; sourceTree = "<group>"; };
		C698535A28F84F40000CF70A /* StubPlayerBus.swift */ = {isa = PBXFileReference; lastKnownFileType = sourcecode.swift; path = StubPlayerBus.swift; sourceTree = "<group>"; };
		C698535D28F85209000CF70A /* ListView.swift */ = {isa = PBXFileReference; lastKnownFileType = sourcecode.swift; path = ListView.swift; sourceTree = "<group>"; };
		C698535F28F8531B000CF70A /* ListItemView.swift */ = {isa = PBXFileReference; lastKnownFileType = sourcecode.swift; path = ListItemView.swift; sourceTree = "<group>"; };
		C698536128F94B3E000CF70A /* StandartCheckBox.swift */ = {isa = PBXFileReference; lastKnownFileType = sourcecode.swift; path = StandartCheckBox.swift; sourceTree = "<group>"; };
		C698536328F9527D000CF70A /* ChooseList.swift */ = {isa = PBXFileReference; lastKnownFileType = sourcecode.swift; path = ChooseList.swift; sourceTree = "<group>"; };
		C698536528F962D7000CF70A /* ChooseListButton.swift */ = {isa = PBXFileReference; lastKnownFileType = sourcecode.swift; path = ChooseListButton.swift; sourceTree = "<group>"; };
		C6A88900292E57030009DF1F /* MarkdownText.swift */ = {isa = PBXFileReference; lastKnownFileType = sourcecode.swift; path = MarkdownText.swift; sourceTree = "<group>"; };
		C6A9CA5F28F40DAC00222DBB /* ObservableValue.swift */ = {isa = PBXFileReference; lastKnownFileType = sourcecode.swift; path = ObservableValue.swift; sourceTree = "<group>"; };
		C6A9CA6128F40DD200222DBB /* SimpleRouterState.swift */ = {isa = PBXFileReference; lastKnownFileType = sourcecode.swift; path = SimpleRouterState.swift; sourceTree = "<group>"; };
		C6C9E8E1292B87F2007BADA9 /* PreRatingPopup.swift */ = {isa = PBXFileReference; lastKnownFileType = sourcecode.swift; path = PreRatingPopup.swift; sourceTree = "<group>"; };
		C6DC4E9C28F5493000012D2B /* Mocks.swift */ = {isa = PBXFileReference; lastKnownFileType = sourcecode.swift; path = Mocks.swift; sourceTree = "<group>"; };
		C6DC4E9F28F549D900012D2B /* StubRootComponent.swift */ = {isa = PBXFileReference; lastKnownFileType = sourcecode.swift; path = StubRootComponent.swift; sourceTree = "<group>"; };
		C6DC4EA128F54A1D00012D2B /* StubListComponent.swift */ = {isa = PBXFileReference; lastKnownFileType = sourcecode.swift; path = StubListComponent.swift; sourceTree = "<group>"; };
		C6DC4EA428F5516900012D2B /* RootView.swift */ = {isa = PBXFileReference; fileEncoding = 4; lastKnownFileType = sourcecode.swift; path = RootView.swift; sourceTree = "<group>"; };
		C6DC4EAB28F5516900012D2B /* ComponentHolder.swift */ = {isa = PBXFileReference; fileEncoding = 4; lastKnownFileType = sourcecode.swift; path = ComponentHolder.swift; sourceTree = "<group>"; };
		C6DC4EAC28F5516900012D2B /* ContentView.swift */ = {isa = PBXFileReference; fileEncoding = 4; lastKnownFileType = sourcecode.swift; path = ContentView.swift; sourceTree = "<group>"; };
		C6DC4EAE28F5516900012D2B /* PlayButton.swift */ = {isa = PBXFileReference; fileEncoding = 4; lastKnownFileType = sourcecode.swift; path = PlayButton.swift; sourceTree = "<group>"; };
		C6DC4EAF28F5516900012D2B /* FavoriteButton.swift */ = {isa = PBXFileReference; fileEncoding = 4; lastKnownFileType = sourcecode.swift; path = FavoriteButton.swift; sourceTree = "<group>"; };
		C6DC4EB028F5516900012D2B /* CornerRadius.swift */ = {isa = PBXFileReference; fileEncoding = 4; lastKnownFileType = sourcecode.swift; path = CornerRadius.swift; sourceTree = "<group>"; };
		C6DC4EB528F5516900012D2B /* RemoteControlHandler.swift */ = {isa = PBXFileReference; fileEncoding = 4; lastKnownFileType = sourcecode.swift; path = RemoteControlHandler.swift; sourceTree = "<group>"; };
		C6DC4EB628F5516900012D2B /* NotificationsHandler.swift */ = {isa = PBXFileReference; fileEncoding = 4; lastKnownFileType = sourcecode.swift; path = NotificationsHandler.swift; sourceTree = "<group>"; };
		C6DC4EB728F5516900012D2B /* RemoteControlMode.swift */ = {isa = PBXFileReference; fileEncoding = 4; lastKnownFileType = sourcecode.swift; path = RemoteControlMode.swift; sourceTree = "<group>"; };
		C6DC4EB828F5516900012D2B /* PlayerItemInfo.swift */ = {isa = PBXFileReference; fileEncoding = 4; lastKnownFileType = sourcecode.swift; path = PlayerItemInfo.swift; sourceTree = "<group>"; };
		C6DC4EBA28F5516900012D2B /* PeriodicTimeObserver.swift */ = {isa = PBXFileReference; fileEncoding = 4; lastKnownFileType = sourcecode.swift; path = PeriodicTimeObserver.swift; sourceTree = "<group>"; };
		C6DC4EBB28F5516900012D2B /* Defaults.swift */ = {isa = PBXFileReference; fileEncoding = 4; lastKnownFileType = sourcecode.swift; path = Defaults.swift; sourceTree = "<group>"; };
		C6DC4EBC28F5516900012D2B /* PlayerStatus.swift */ = {isa = PBXFileReference; fileEncoding = 4; lastKnownFileType = sourcecode.swift; path = PlayerStatus.swift; sourceTree = "<group>"; };
		C6DC4EBD28F5516900012D2B /* Player.swift */ = {isa = PBXFileReference; fileEncoding = 4; lastKnownFileType = sourcecode.swift; path = Player.swift; sourceTree = "<group>"; };
		C6DC4EBE28F5516900012D2B /* PlayerItem.swift */ = {isa = PBXFileReference; fileEncoding = 4; lastKnownFileType = sourcecode.swift; path = PlayerItem.swift; sourceTree = "<group>"; };
		C6DC4EC128F5516900012D2B /* TimeUtils.swift */ = {isa = PBXFileReference; fileEncoding = 4; lastKnownFileType = sourcecode.swift; path = TimeUtils.swift; sourceTree = "<group>"; };
		C6DC4EC328F5516900012D2B /* Sizes.swift */ = {isa = PBXFileReference; fileEncoding = 4; lastKnownFileType = sourcecode.swift; path = Sizes.swift; sourceTree = "<group>"; };
		C6DC4EC428F5516900012D2B /* Theme.swift */ = {isa = PBXFileReference; fileEncoding = 4; lastKnownFileType = sourcecode.swift; path = Theme.swift; sourceTree = "<group>"; };
		C6DC4EC528F5516900012D2B /* Colors.swift */ = {isa = PBXFileReference; fileEncoding = 4; lastKnownFileType = sourcecode.swift; path = Colors.swift; sourceTree = "<group>"; };
		C6F82ED8293F385C0001BB9D /* DonationsState.kt */ = {isa = PBXFileReference; fileEncoding = 4; lastKnownFileType = text; path = DonationsState.kt; sourceTree = "<group>"; };
		C6F82ED9293F385C0001BB9D /* DonationsOutput.kt */ = {isa = PBXFileReference; fileEncoding = 4; lastKnownFileType = text; path = DonationsOutput.kt; sourceTree = "<group>"; };
		C6F82EDA293F385C0001BB9D /* DonationsComponent.kt */ = {isa = PBXFileReference; fileEncoding = 4; lastKnownFileType = text; path = DonationsComponent.kt; sourceTree = "<group>"; };
		C6F82EE5293F38730001BB9D /* SettingsOutput.kt */ = {isa = PBXFileReference; fileEncoding = 4; lastKnownFileType = text; path = SettingsOutput.kt; sourceTree = "<group>"; };
		C6F82EE6293F38730001BB9D /* SettingsState.kt */ = {isa = PBXFileReference; fileEncoding = 4; lastKnownFileType = text; path = SettingsState.kt; sourceTree = "<group>"; };
		C6F82EE7293F38730001BB9D /* SettingsComponent.kt */ = {isa = PBXFileReference; fileEncoding = 4; lastKnownFileType = text; path = SettingsComponent.kt; sourceTree = "<group>"; };
		C6F83080293F38970001BB9D /* PlayerState.kt */ = {isa = PBXFileReference; fileEncoding = 4; lastKnownFileType = text; path = PlayerState.kt; sourceTree = "<group>"; };
		C6F83081293F38970001BB9D /* PlayerFeedback.kt */ = {isa = PBXFileReference; fileEncoding = 4; lastKnownFileType = text; path = PlayerFeedback.kt; sourceTree = "<group>"; };
		C6F83082293F38970001BB9D /* PlayerComponent.kt */ = {isa = PBXFileReference; fileEncoding = 4; lastKnownFileType = text; path = PlayerComponent.kt; sourceTree = "<group>"; };
		C6F83083293F38970001BB9D /* PlayerBus.kt */ = {isa = PBXFileReference; fileEncoding = 4; lastKnownFileType = text; path = PlayerBus.kt; sourceTree = "<group>"; };
		C6F83084293F38970001BB9D /* PlayerOutput.kt */ = {isa = PBXFileReference; fileEncoding = 4; lastKnownFileType = text; path = PlayerOutput.kt; sourceTree = "<group>"; };
		C6F841B8293F38D30001BB9D /* PlayerDeps.kt */ = {isa = PBXFileReference; fileEncoding = 4; lastKnownFileType = text; path = PlayerDeps.kt; sourceTree = "<group>"; };
		C6F841B9293F38D30001BB9D /* PlayerComponentImpl.kt */ = {isa = PBXFileReference; fileEncoding = 4; lastKnownFileType = text; path = PlayerComponentImpl.kt; sourceTree = "<group>"; };
		C6F841BA293F38D30001BB9D /* PlayerBusImpl.kt */ = {isa = PBXFileReference; fileEncoding = 4; lastKnownFileType = text; path = PlayerBusImpl.kt; sourceTree = "<group>"; };
		C6F841BC293F38D30001BB9D /* PlayerLabel.kt */ = {isa = PBXFileReference; fileEncoding = 4; lastKnownFileType = text; path = PlayerLabel.kt; sourceTree = "<group>"; };
		C6F841BD293F38D30001BB9D /* PlayerIntent.kt */ = {isa = PBXFileReference; fileEncoding = 4; lastKnownFileType = text; path = PlayerIntent.kt; sourceTree = "<group>"; };
		C6F841BE293F38D30001BB9D /* PlayerStore.kt */ = {isa = PBXFileReference; fileEncoding = 4; lastKnownFileType = text; path = PlayerStore.kt; sourceTree = "<group>"; };
		C6F841BF293F38D30001BB9D /* PlayerStoreFactory.kt */ = {isa = PBXFileReference; fileEncoding = 4; lastKnownFileType = text; path = PlayerStoreFactory.kt; sourceTree = "<group>"; };
		C6F841CE293F38F00001BB9D /* Donation.kt */ = {isa = PBXFileReference; fileEncoding = 4; lastKnownFileType = text; path = Donation.kt; sourceTree = "<group>"; };
		C6F841D0293F38F00001BB9D /* SetTrackTask.kt */ = {isa = PBXFileReference; fileEncoding = 4; lastKnownFileType = text; path = SetTrackTask.kt; sourceTree = "<group>"; };
		C6F841D1293F38F00001BB9D /* PauseTask.kt */ = {isa = PBXFileReference; fileEncoding = 4; lastKnownFileType = text; path = PauseTask.kt; sourceTree = "<group>"; };
		C6F841D2293F38F00001BB9D /* PlayTranslationTask.kt */ = {isa = PBXFileReference; fileEncoding = 4; lastKnownFileType = text; path = PlayTranslationTask.kt; sourceTree = "<group>"; };
		C6F841D3293F38F00001BB9D /* ResetCounterTask.kt */ = {isa = PBXFileReference; fileEncoding = 4; lastKnownFileType = text; path = ResetCounterTask.kt; sourceTree = "<group>"; };
		C6F841D4293F38F00001BB9D /* PlayTask.kt */ = {isa = PBXFileReference; fileEncoding = 4; lastKnownFileType = text; path = PlayTask.kt; sourceTree = "<group>"; };
		C6F841D5293F38F00001BB9D /* IdleTask.kt */ = {isa = PBXFileReference; fileEncoding = 4; lastKnownFileType = text; path = IdleTask.kt; sourceTree = "<group>"; };
		C6F841D6293F38F00001BB9D /* Task.kt */ = {isa = PBXFileReference; fileEncoding = 4; lastKnownFileType = text; path = Task.kt; sourceTree = "<group>"; };
		C6F841D7293F38F00001BB9D /* NoAudioTask.kt */ = {isa = PBXFileReference; fileEncoding = 4; lastKnownFileType = text; path = NoAudioTask.kt; sourceTree = "<group>"; };
		C6F841D8293F38F00001BB9D /* StopTask.kt */ = {isa = PBXFileReference; fileEncoding = 4; lastKnownFileType = text; path = StopTask.kt; sourceTree = "<group>"; };
		C6F841DA293F38F00001BB9D /* ListConfig.kt */ = {isa = PBXFileReference; fileEncoding = 4; lastKnownFileType = text; path = ListConfig.kt; sourceTree = "<group>"; };
		C6F841DC293F38F00001BB9D /* ShlokaId.kt */ = {isa = PBXFileReference; fileEncoding = 4; lastKnownFileType = text; path = ShlokaId.kt; sourceTree = "<group>"; };
		C6F841DD293F38F00001BB9D /* PlayConfig.kt */ = {isa = PBXFileReference; fileEncoding = 4; lastKnownFileType = text; path = PlayConfig.kt; sourceTree = "<group>"; };
		C6F841DE293F38F00001BB9D /* DonationLevel.kt */ = {isa = PBXFileReference; fileEncoding = 4; lastKnownFileType = text; path = DonationLevel.kt; sourceTree = "<group>"; };
		C6F841DF293F38F00001BB9D /* FtueStatus.kt */ = {isa = PBXFileReference; fileEncoding = 4; lastKnownFileType = text; path = FtueStatus.kt; sourceTree = "<group>"; };
		C6F841E0293F38F00001BB9D /* ListId.kt */ = {isa = PBXFileReference; fileEncoding = 4; lastKnownFileType = text; path = ListId.kt; sourceTree = "<group>"; };
		C6F841E1293F38F00001BB9D /* ShlokaConfig.kt */ = {isa = PBXFileReference; fileEncoding = 4; lastKnownFileType = text; path = ShlokaConfig.kt; sourceTree = "<group>"; };
		C6F841E2293F38F00001BB9D /* Shloka.kt */ = {isa = PBXFileReference; fileEncoding = 4; lastKnownFileType = text; path = Shloka.kt; sourceTree = "<group>"; };
		C6F841E3293F38F00001BB9D /* Chunk.kt */ = {isa = PBXFileReference; fileEncoding = 4; lastKnownFileType = text; path = Chunk.kt; sourceTree = "<group>"; };
		C6F841E4293F38F00001BB9D /* PlatformApi.kt */ = {isa = PBXFileReference; fileEncoding = 4; lastKnownFileType = text; path = PlatformApi.kt; sourceTree = "<group>"; };
		C6F84A6B293F39190001BB9D /* ListState.kt */ = {isa = PBXFileReference; fileEncoding = 4; lastKnownFileType = text; path = ListState.kt; sourceTree = "<group>"; };
		C6F84A6C293F39190001BB9D /* ListComponent.kt */ = {isa = PBXFileReference; fileEncoding = 4; lastKnownFileType = text; path = ListComponent.kt; sourceTree = "<group>"; };
		C6F84A6D293F39190001BB9D /* ListPresentation.kt */ = {isa = PBXFileReference; fileEncoding = 4; lastKnownFileType = text; path = ListPresentation.kt; sourceTree = "<group>"; };
		C6F84A6E293F39190001BB9D /* ListOutput.kt */ = {isa = PBXFileReference; fileEncoding = 4; lastKnownFileType = text; path = ListOutput.kt; sourceTree = "<group>"; };
		C6F84A7A293F39250001BB9D /* LogTag.kt */ = {isa = PBXFileReference; fileEncoding = 4; lastKnownFileType = text; path = LogTag.kt; sourceTree = "<group>"; };
		C6F84A7C293F39250001BB9D /* Settings.kt */ = {isa = PBXFileReference; fileEncoding = 4; lastKnownFileType = text; path = Settings.kt; sourceTree = "<group>"; };
		C6F84A7D293F39250001BB9D /* Locale.kt */ = {isa = PBXFileReference; fileEncoding = 4; lastKnownFileType = text; path = Locale.kt; sourceTree = "<group>"; };
		C6F84A7E293F39250001BB9D /* InappReviewInteractor.kt */ = {isa = PBXFileReference; fileEncoding = 4; lastKnownFileType = text; path = InappReviewInteractor.kt; sourceTree = "<group>"; };
		C6F84A7F293F39250001BB9D /* Consumer.kt */ = {isa = PBXFileReference; fileEncoding = 4; lastKnownFileType = text; path = Consumer.kt; sourceTree = "<group>"; };
		C6F84A81293F39250001BB9D /* ConnectivityObserver.kt */ = {isa = PBXFileReference; fileEncoding = 4; lastKnownFileType = text; path = ConnectivityObserver.kt; sourceTree = "<group>"; };
		C6F84A82293F39250001BB9D /* CoroutinesExt.kt */ = {isa = PBXFileReference; fileEncoding = 4; lastKnownFileType = text; path = CoroutinesExt.kt; sourceTree = "<group>"; };
		C6F84A84293F39250001BB9D /* ConfigReader.kt */ = {isa = PBXFileReference; fileEncoding = 4; lastKnownFileType = text; path = ConfigReader.kt; sourceTree = "<group>"; };
		C6F84A85293F39250001BB9D /* DonationsMap.kt */ = {isa = PBXFileReference; fileEncoding = 4; lastKnownFileType = text; path = DonationsMap.kt; sourceTree = "<group>"; };
		C6F84A86293F39250001BB9D /* VersesMap.kt */ = {isa = PBXFileReference; fileEncoding = 4; lastKnownFileType = text; path = VersesMap.kt; sourceTree = "<group>"; };
		C6F84A87293F39250001BB9D /* StringResourceHandler.kt */ = {isa = PBXFileReference; fileEncoding = 4; lastKnownFileType = text; path = StringResourceHandler.kt; sourceTree = "<group>"; };
		C6F84A88293F39250001BB9D /* ListsMap.kt */ = {isa = PBXFileReference; fileEncoding = 4; lastKnownFileType = text; path = ListsMap.kt; sourceTree = "<group>"; };
		C6F84A8A293F39250001BB9D /* DispatcherProvider.kt */ = {isa = PBXFileReference; fileEncoding = 4; lastKnownFileType = text; path = DispatcherProvider.kt; sourceTree = "<group>"; };
		C6F84A8B293F39250001BB9D /* DispatcherProviderImpl.kt */ = {isa = PBXFileReference; fileEncoding = 4; lastKnownFileType = text; path = DispatcherProviderImpl.kt; sourceTree = "<group>"; };
		C6F84A8C293F39250001BB9D /* StoreExt.kt */ = {isa = PBXFileReference; fileEncoding = 4; lastKnownFileType = text; path = StoreExt.kt; sourceTree = "<group>"; };
		C6F84A8E293F39250001BB9D /* MimeTypes.kt */ = {isa = PBXFileReference; fileEncoding = 4; lastKnownFileType = text; path = MimeTypes.kt; sourceTree = "<group>"; };
		C6F84A8F293F39250001BB9D /* NapierProxy.kt */ = {isa = PBXFileReference; fileEncoding = 4; lastKnownFileType = text; path = NapierProxy.kt; sourceTree = "<group>"; };
		C6F84A91293F39250001BB9D /* BillingEvent.kt */ = {isa = PBXFileReference; fileEncoding = 4; lastKnownFileType = text; path = BillingEvent.kt; sourceTree = "<group>"; };
		C6F84A92293F39250001BB9D /* BillingOperation.kt */ = {isa = PBXFileReference; fileEncoding = 4; lastKnownFileType = text; path = BillingOperation.kt; sourceTree = "<group>"; };
		C6F84A93293F39250001BB9D /* BillingHelper.kt */ = {isa = PBXFileReference; fileEncoding = 4; lastKnownFileType = text; path = BillingHelper.kt; sourceTree = "<group>"; };
		C6F84A94293F39250001BB9D /* BillingHelperDefault.kt */ = {isa = PBXFileReference; fileEncoding = 4; lastKnownFileType = text; path = BillingHelperDefault.kt; sourceTree = "<group>"; };
		C6F84A96293F39250001BB9D /* AnalyticsParam.kt */ = {isa = PBXFileReference; fileEncoding = 4; lastKnownFileType = text; path = AnalyticsParam.kt; sourceTree = "<group>"; };
		C6F84A97293F39250001BB9D /* AnalyticsScreen.kt */ = {isa = PBXFileReference; fileEncoding = 4; lastKnownFileType = text; path = AnalyticsScreen.kt; sourceTree = "<group>"; };
		C6F84A98293F39250001BB9D /* Analytics.kt */ = {isa = PBXFileReference; fileEncoding = 4; lastKnownFileType = text; path = Analytics.kt; sourceTree = "<group>"; };
		C6F84A99293F39250001BB9D /* AnalyticsEvent.kt */ = {isa = PBXFileReference; fileEncoding = 4; lastKnownFileType = text; path = AnalyticsEvent.kt; sourceTree = "<group>"; };
		C6F84A9A293F39250001BB9D /* FileUtils.kt */ = {isa = PBXFileReference; fileEncoding = 4; lastKnownFileType = text; path = FileUtils.kt; sourceTree = "<group>"; };
/* End PBXFileReference section */

/* Begin PBXFrameworksBuildPhase section */
		7555FF78242A565900829871 /* Frameworks */ = {
			isa = PBXFrameworksBuildPhase;
			buildActionMask = 2147483647;
			files = (
				C640958F28FBFC4E0057A634 /* FirebaseAnalytics in Frameworks */,
				C640959128FBFC4E0057A634 /* FirebaseCrashlytics in Frameworks */,
			);
			runOnlyForDeploymentPostprocessing = 0;
		};
/* End PBXFrameworksBuildPhase section */

/* Begin PBXGroup section */
		058557D7273AAEEB004C7B11 /* Preview Content */ = {
			isa = PBXGroup;
			children = (
				058557D8273AAEEB004C7B11 /* Preview Assets.xcassets */,
			);
			path = "Preview Content";
			sourceTree = "<group>";
		};
		7555FF72242A565900829871 = {
			isa = PBXGroup;
			children = (
				C6F82ED1293F383F0001BB9D /* Kotlin Debug */,
				C6251474293A16E300C5477A /* MyTestStoreKit.storekit */,
				C6251473293A163600C5477A /* MemorizeShlokaStoreKit.storekit */,
				7555FF7D242A565900829871 /* iosApp */,
				7555FF7C242A565900829871 /* Products */,
				7555FFB0242A642200829871 /* Frameworks */,
			);
			sourceTree = "<group>";
		};
		7555FF7C242A565900829871 /* Products */ = {
			isa = PBXGroup;
			children = (
				7555FF7B242A565900829871 /* iosApp.app */,
			);
			name = Products;
			sourceTree = "<group>";
		};
		7555FF7D242A565900829871 /* iosApp */ = {
			isa = PBXGroup;
			children = (
				C640959928FC85780057A634 /* iosApp.entitlements */,
				C6DC4EB328F5516900012D2B /* Player */,
				C6DC4EC228F5516900012D2B /* Theme */,
				C6DC4EBF28F5516900012D2B /* Utils */,
				C6DC4EA328F5516900012D2B /* Views */,
				C6DC4E9E28F549C400012D2B /* Stubs */,
				058557BA273AAA24004C7B11 /* Assets.xcassets */,
				7555FF8C242A565B00829871 /* Info.plist */,
				C640958B28FBFA7F0057A634 /* GoogleService-Info.plist */,
				2152FB032600AC8F00CF470E /* iOSApp.swift */,
				058557D7273AAEEB004C7B11 /* Preview Content */,
				C6A9CA5F28F40DAC00222DBB /* ObservableValue.swift */,
				C6A9CA6128F40DD200222DBB /* SimpleRouterState.swift */,
				C6DC4E9C28F5493000012D2B /* Mocks.swift */,
			);
			path = iosApp;
			sourceTree = "<group>";
		};
		7555FFB0242A642200829871 /* Frameworks */ = {
			isa = PBXGroup;
			children = (
			);
			name = Frameworks;
			sourceTree = "<group>";
		};
		C65D1E7E29A11CA0000965BF /* iosMain */ = {
			isa = PBXGroup;
			children = (
				C65D1E7F29A11CA0000965BF /* kotlin */,
			);
			name = iosMain;
			path = ../../common/utils/src/iosMain;
			sourceTree = "<group>";
		};
		C65D1E7F29A11CA0000965BF /* kotlin */ = {
			isa = PBXGroup;
			children = (
				C65D1E8029A11CA0000965BF /* com */,
			);
			path = kotlin;
			sourceTree = "<group>";
		};
		C65D1E8029A11CA0000965BF /* com */ = {
			isa = PBXGroup;
			children = (
				C65D1E8129A11CA0000965BF /* a_blekot */,
			);
			path = com;
			sourceTree = "<group>";
		};
		C65D1E8129A11CA0000965BF /* a_blekot */ = {
			isa = PBXGroup;
			children = (
				C65D1E8229A11CA0000965BF /* shlokas */,
			);
			path = a_blekot;
			sourceTree = "<group>";
		};
		C65D1E8229A11CA0000965BF /* shlokas */ = {
			isa = PBXGroup;
			children = (
				C65D1E8329A11CA0000965BF /* common */,
			);
			path = shlokas;
			sourceTree = "<group>";
		};
		C65D1E8329A11CA0000965BF /* common */ = {
			isa = PBXGroup;
			children = (
				C65D1E8429A11CA0000965BF /* utils */,
			);
			path = common;
			sourceTree = "<group>";
		};
		C65D1E8429A11CA0000965BF /* utils */ = {
			isa = PBXGroup;
			children = (
				C65D1E8529A11CA0000965BF /* connectivity */,
				C65D1E8629A11CA0000965BF /* resources */,
				C65D1E8829A11CA0000965BF /* IOsFileUtils.kt */,
			);
			path = utils;
			sourceTree = "<group>";
		};
		C65D1E8529A11CA0000965BF /* connectivity */ = {
			isa = PBXGroup;
			children = (
			);
			path = connectivity;
			sourceTree = "<group>";
		};
		C65D1E8629A11CA0000965BF /* resources */ = {
			isa = PBXGroup;
			children = (
				C65D1E8729A11CA0000965BF /* IOsStringResourceHandler.kt */,
			);
			path = resources;
			sourceTree = "<group>";
		};
		C67396B028FAD09100F1992B /* Settings */ = {
			isa = PBXGroup;
			children = (
				C67396B128FAD0A300F1992B /* SettingsView.swift */,
				C67396B328FB32C100F1992B /* WeekPicker.swift */,
				C67396B528FB3D2400F1992B /* LocalePicker.swift */,
				C640959228FBFE3E0057A634 /* MailView.swift */,
				A06295732C5F78C300B436B0 /* SpeedPicker.swift */,
			);
			path = Settings;
			sourceTree = "<group>";
		};
		C698535C28F851F9000CF70A /* List */ = {
			isa = PBXGroup;
			children = (
				C698535D28F85209000CF70A /* ListView.swift */,
				C698535F28F8531B000CF70A /* ListItemView.swift */,
				C698536328F9527D000CF70A /* ChooseList.swift */,
				C698536528F962D7000CF70A /* ChooseListButton.swift */,
				C6C9E8E1292B87F2007BADA9 /* PreRatingPopup.swift */,
			);
			path = List;
			sourceTree = "<group>";
		};
		C698536828F96867000CF70A /* PlayerView */ = {
			isa = PBXGroup;
			children = (
				C60B317628F96978001AB927 /* PlayerView.swift */,
				C60B317F28F98491001AB927 /* FoldableView.swift */,
				C60B318128F98AE1001AB927 /* PlayerTitleAndProgress.swift */,
				C60B318328F98D8D001AB927 /* PlayPauseButton.swift */,
				C60B318528F990B7001AB927 /* SmoothProgress.swift */,
				C60B318728F99A83001AB927 /* ClosePlayerDialog.swift */,
				A06295752C5F828200B436B0 /* PlayerButton.swift */,
			);
			path = PlayerView;
			sourceTree = "<group>";
		};
		C6DC4E9E28F549C400012D2B /* Stubs */ = {
			isa = PBXGroup;
			children = (
				C6DC4E9F28F549D900012D2B /* StubRootComponent.swift */,
				C6DC4EA128F54A1D00012D2B /* StubListComponent.swift */,
				C698535A28F84F40000CF70A /* StubPlayerBus.swift */,
				C60B317A28F9710F001AB927 /* StubPlayerComponent.swift */,
			);
			path = Stubs;
			sourceTree = "<group>";
		};
		C6DC4EA328F5516900012D2B /* Views */ = {
			isa = PBXGroup;
			children = (
				C67396B028FAD09100F1992B /* Settings */,
				C698536828F96867000CF70A /* PlayerView */,
				C698535C28F851F9000CF70A /* List */,
				C6DC4EA428F5516900012D2B /* RootView.swift */,
				C6DC4EAC28F5516900012D2B /* ContentView.swift */,
				C6DC4EAD28F5516900012D2B /* Helpers */,
			);
			path = Views;
			sourceTree = "<group>";
		};
		C6DC4EAD28F5516900012D2B /* Helpers */ = {
			isa = PBXGroup;
			children = (
				C6DC4EAE28F5516900012D2B /* PlayButton.swift */,
				C6DC4EAF28F5516900012D2B /* FavoriteButton.swift */,
				C6DC4EB028F5516900012D2B /* CornerRadius.swift */,
				C698536128F94B3E000CF70A /* StandartCheckBox.swift */,
				C60B318928F99D2F001AB927 /* DialogButton.swift */,
				A06295772C61496B00B436B0 /* ToastView.swift */,
			);
			path = Helpers;
			sourceTree = "<group>";
		};
		C6DC4EB328F5516900012D2B /* Player */ = {
			isa = PBXGroup;
			children = (
				C6DC4EB528F5516900012D2B /* RemoteControlHandler.swift */,
				C6DC4EB628F5516900012D2B /* NotificationsHandler.swift */,
				C6DC4EB728F5516900012D2B /* RemoteControlMode.swift */,
				C6DC4EB828F5516900012D2B /* PlayerItemInfo.swift */,
				C6DC4EBA28F5516900012D2B /* PeriodicTimeObserver.swift */,
				C6DC4EBB28F5516900012D2B /* Defaults.swift */,
				C6DC4EBC28F5516900012D2B /* PlayerStatus.swift */,
				C6DC4EBD28F5516900012D2B /* Player.swift */,
				C6DC4EBE28F5516900012D2B /* PlayerItem.swift */,
			);
			path = Player;
			sourceTree = "<group>";
		};
		C6DC4EBF28F5516900012D2B /* Utils */ = {
			isa = PBXGroup;
			children = (
				C6DC4EC128F5516900012D2B /* TimeUtils.swift */,
				C6DC4EAB28F5516900012D2B /* ComponentHolder.swift */,
				C698535628F749C7000CF70A /* Analytics.swift */,
				C698535828F7FA4A000CF70A /* AnyFlow.swift */,
				C640959528FC7E160057A634 /* CrashlyticsLog.swift */,
				C640959728FC83C90057A634 /* AppUtil.swift */,
				C6A88900292E57030009DF1F /* MarkdownText.swift */,
				C625146C2939F77500C5477A /* Purchases.swift */,
				C6251475293A1A6100C5477A /* IAPManager.swift */,
				A0D9B6C72C5E7C720002A630 /* Toast.swift */,
			);
			path = Utils;
			sourceTree = "<group>";
		};
		C6DC4EC228F5516900012D2B /* Theme */ = {
			isa = PBXGroup;
			children = (
				C6DC4EC328F5516900012D2B /* Sizes.swift */,
				C6DC4EC428F5516900012D2B /* Theme.swift */,
				C6DC4EC528F5516900012D2B /* Colors.swift */,
			);
			path = Theme;
			sourceTree = "<group>";
		};
		C6F82ED1293F383F0001BB9D /* Kotlin Debug */ = {
			isa = PBXGroup;
			children = (
				C65D1E7E29A11CA0000965BF /* iosMain */,
				C6F84A73293F39250001BB9D /* commonMain */,
				C6F84A64293F39190001BB9D /* commonMain */,
				C6F841C7293F38F00001BB9D /* commonMain */,
				C6F841B1293F38D30001BB9D /* commonMain */,
				C6F83079293F38970001BB9D /* commonMain */,
				C6F82EDE293F38730001BB9D /* commonMain */,
				C6F82ED2293F385C0001BB9D /* commonMain */,
			);
			path = "Kotlin Debug";
			sourceTree = "<group>";
		};
		C6F82ED2293F385C0001BB9D /* commonMain */ = {
			isa = PBXGroup;
			children = (
				C6F82ED3293F385C0001BB9D /* kotlin */,
			);
			name = commonMain;
			path = "../../common/donations-api/src/commonMain";
			sourceTree = "<group>";
		};
		C6F82ED3293F385C0001BB9D /* kotlin */ = {
			isa = PBXGroup;
			children = (
				C6F82ED4293F385C0001BB9D /* com */,
			);
			path = kotlin;
			sourceTree = "<group>";
		};
		C6F82ED4293F385C0001BB9D /* com */ = {
			isa = PBXGroup;
			children = (
				C6F82ED5293F385C0001BB9D /* listentoprabhupada */,
			);
			path = com;
			sourceTree = "<group>";
		};
		C6F82ED5293F385C0001BB9D /* listentoprabhupada */ = {
			isa = PBXGroup;
			children = (
				C6F82ED6293F385C0001BB9D /* common */,
			);
			path = listentoprabhupada;
			sourceTree = "<group>";
		};
		C6F82ED6293F385C0001BB9D /* common */ = {
			isa = PBXGroup;
			children = (
				C6F82ED7293F385C0001BB9D /* donations_api */,
			);
			path = common;
			sourceTree = "<group>";
		};
		C6F82ED7293F385C0001BB9D /* donations_api */ = {
			isa = PBXGroup;
			children = (
				C6F82ED8293F385C0001BB9D /* DonationsState.kt */,
				C6F82ED9293F385C0001BB9D /* DonationsOutput.kt */,
				C6F82EDA293F385C0001BB9D /* DonationsComponent.kt */,
			);
			path = donations_api;
			sourceTree = "<group>";
		};
		C6F82EDE293F38730001BB9D /* commonMain */ = {
			isa = PBXGroup;
			children = (
				C6F82EDF293F38730001BB9D /* kotlin */,
			);
			name = commonMain;
			path = "../../common/settings-api/src/commonMain";
			sourceTree = "<group>";
		};
		C6F82EDF293F38730001BB9D /* kotlin */ = {
			isa = PBXGroup;
			children = (
				C6F82EE0293F38730001BB9D /* com */,
			);
			path = kotlin;
			sourceTree = "<group>";
		};
		C6F82EE0293F38730001BB9D /* com */ = {
			isa = PBXGroup;
			children = (
				C6F82EE1293F38730001BB9D /* a_blekot */,
			);
			path = com;
			sourceTree = "<group>";
		};
		C6F82EE1293F38730001BB9D /* a_blekot */ = {
			isa = PBXGroup;
			children = (
				C6F82EE2293F38730001BB9D /* shlokas */,
			);
			path = a_blekot;
			sourceTree = "<group>";
		};
		C6F82EE2293F38730001BB9D /* shlokas */ = {
			isa = PBXGroup;
			children = (
				C6F82EE3293F38730001BB9D /* common */,
			);
			path = shlokas;
			sourceTree = "<group>";
		};
		C6F82EE3293F38730001BB9D /* common */ = {
			isa = PBXGroup;
			children = (
				C6F82EE4293F38730001BB9D /* settings_api */,
			);
			path = common;
			sourceTree = "<group>";
		};
		C6F82EE4293F38730001BB9D /* settings_api */ = {
			isa = PBXGroup;
			children = (
				C6F82EE5293F38730001BB9D /* SettingsOutput.kt */,
				C6F82EE6293F38730001BB9D /* SettingsState.kt */,
				C6F82EE7293F38730001BB9D /* SettingsComponent.kt */,
			);
			path = settings_api;
			sourceTree = "<group>";
		};
		C6F83079293F38970001BB9D /* commonMain */ = {
			isa = PBXGroup;
			children = (
				C6F8307A293F38970001BB9D /* kotlin */,
			);
			name = commonMain;
			path = "../../common/player-api/src/commonMain";
			sourceTree = "<group>";
		};
		C6F8307A293F38970001BB9D /* kotlin */ = {
			isa = PBXGroup;
			children = (
				C6F8307B293F38970001BB9D /* com */,
			);
			path = kotlin;
			sourceTree = "<group>";
		};
		C6F8307B293F38970001BB9D /* com */ = {
			isa = PBXGroup;
			children = (
				C6F8307C293F38970001BB9D /* a_blekot */,
			);
			path = com;
			sourceTree = "<group>";
		};
		C6F8307C293F38970001BB9D /* a_blekot */ = {
			isa = PBXGroup;
			children = (
				C6F8307D293F38970001BB9D /* shlokas */,
			);
			path = a_blekot;
			sourceTree = "<group>";
		};
		C6F8307D293F38970001BB9D /* shlokas */ = {
			isa = PBXGroup;
			children = (
				C6F8307E293F38970001BB9D /* common */,
			);
			path = shlokas;
			sourceTree = "<group>";
		};
		C6F8307E293F38970001BB9D /* common */ = {
			isa = PBXGroup;
			children = (
				C6F8307F293F38970001BB9D /* player_api */,
			);
			path = common;
			sourceTree = "<group>";
		};
		C6F8307F293F38970001BB9D /* player_api */ = {
			isa = PBXGroup;
			children = (
				C6F83080293F38970001BB9D /* PlayerState.kt */,
				C6F83081293F38970001BB9D /* PlayerFeedback.kt */,
				C6F83082293F38970001BB9D /* PlayerComponent.kt */,
				C6F83083293F38970001BB9D /* PlayerBus.kt */,
				C6F83084293F38970001BB9D /* PlayerOutput.kt */,
			);
			path = player_api;
			sourceTree = "<group>";
		};
		C6F841B1293F38D30001BB9D /* commonMain */ = {
			isa = PBXGroup;
			children = (
				C6F841B2293F38D30001BB9D /* kotlin */,
			);
			name = commonMain;
			path = "../../common/player-impl/src/commonMain";
			sourceTree = "<group>";
		};
		C6F841B2293F38D30001BB9D /* kotlin */ = {
			isa = PBXGroup;
			children = (
				C6F841B3293F38D30001BB9D /* com */,
			);
			path = kotlin;
			sourceTree = "<group>";
		};
		C6F841B3293F38D30001BB9D /* com */ = {
			isa = PBXGroup;
			children = (
				C6F841B4293F38D30001BB9D /* a_blekot */,
			);
			path = com;
			sourceTree = "<group>";
		};
		C6F841B4293F38D30001BB9D /* a_blekot */ = {
			isa = PBXGroup;
			children = (
				C6F841B5293F38D30001BB9D /* shlokas */,
			);
			path = a_blekot;
			sourceTree = "<group>";
		};
		C6F841B5293F38D30001BB9D /* shlokas */ = {
			isa = PBXGroup;
			children = (
				C6F841B6293F38D30001BB9D /* common */,
			);
			path = shlokas;
			sourceTree = "<group>";
		};
		C6F841B6293F38D30001BB9D /* common */ = {
			isa = PBXGroup;
			children = (
				C6F841B7293F38D30001BB9D /* player_impl */,
			);
			path = common;
			sourceTree = "<group>";
		};
		C6F841B7293F38D30001BB9D /* player_impl */ = {
			isa = PBXGroup;
			children = (
				C6F841B8293F38D30001BB9D /* PlayerDeps.kt */,
				C6F841B9293F38D30001BB9D /* PlayerComponentImpl.kt */,
				C6F841BA293F38D30001BB9D /* PlayerBusImpl.kt */,
				C6F841BB293F38D30001BB9D /* store */,
			);
			path = player_impl;
			sourceTree = "<group>";
		};
		C6F841BB293F38D30001BB9D /* store */ = {
			isa = PBXGroup;
			children = (
				C6F841BC293F38D30001BB9D /* PlayerLabel.kt */,
				C6F841BD293F38D30001BB9D /* PlayerIntent.kt */,
				C6F841BE293F38D30001BB9D /* PlayerStore.kt */,
				C6F841BF293F38D30001BB9D /* PlayerStoreFactory.kt */,
			);
			path = store;
			sourceTree = "<group>";
		};
		C6F841C7293F38F00001BB9D /* commonMain */ = {
			isa = PBXGroup;
			children = (
				C6F841C8293F38F00001BB9D /* kotlin */,
			);
			name = commonMain;
			path = ../../common/data/src/commonMain;
			sourceTree = "<group>";
		};
		C6F841C8293F38F00001BB9D /* kotlin */ = {
			isa = PBXGroup;
			children = (
				C6F841C9293F38F00001BB9D /* com */,
			);
			path = kotlin;
			sourceTree = "<group>";
		};
		C6F841C9293F38F00001BB9D /* com */ = {
			isa = PBXGroup;
			children = (
				C6F841CA293F38F00001BB9D /* a_blekot */,
			);
			path = com;
			sourceTree = "<group>";
		};
		C6F841CA293F38F00001BB9D /* a_blekot */ = {
			isa = PBXGroup;
			children = (
				C6F841CB293F38F00001BB9D /* shlokas */,
			);
			path = a_blekot;
			sourceTree = "<group>";
		};
		C6F841CB293F38F00001BB9D /* shlokas */ = {
			isa = PBXGroup;
			children = (
				C6F841CC293F38F00001BB9D /* common */,
			);
			path = shlokas;
			sourceTree = "<group>";
		};
		C6F841CC293F38F00001BB9D /* common */ = {
			isa = PBXGroup;
			children = (
				C6F841CD293F38F00001BB9D /* data */,
			);
			path = common;
			sourceTree = "<group>";
		};
		C6F841CD293F38F00001BB9D /* data */ = {
			isa = PBXGroup;
			children = (
				C65D1E8B29A11CF4000965BF /* Locales.kt */,
				C6F841CE293F38F00001BB9D /* Donation.kt */,
				C6F841CF293F38F00001BB9D /* tasks */,
				C6F841DA293F38F00001BB9D /* ListConfig.kt */,
				C6F841DC293F38F00001BB9D /* ShlokaId.kt */,
				C6F841DD293F38F00001BB9D /* PlayConfig.kt */,
				C6F841DE293F38F00001BB9D /* DonationLevel.kt */,
				C6F841DF293F38F00001BB9D /* FtueStatus.kt */,
				C6F841E0293F38F00001BB9D /* ListId.kt */,
				C6F841E1293F38F00001BB9D /* ShlokaConfig.kt */,
				C6F841E2293F38F00001BB9D /* Shloka.kt */,
				C6F841E3293F38F00001BB9D /* Chunk.kt */,
				C6F841E4293F38F00001BB9D /* PlatformApi.kt */,
			);
			path = data;
			sourceTree = "<group>";
		};
		C6F841CF293F38F00001BB9D /* tasks */ = {
			isa = PBXGroup;
			children = (
				C6F841D0293F38F00001BB9D /* SetTrackTask.kt */,
				C6F841D1293F38F00001BB9D /* PauseTask.kt */,
				C6F841D2293F38F00001BB9D /* PlayTranslationTask.kt */,
				C6F841D3293F38F00001BB9D /* ResetCounterTask.kt */,
				C6F841D4293F38F00001BB9D /* PlayTask.kt */,
				C6F841D5293F38F00001BB9D /* IdleTask.kt */,
				C6F841D6293F38F00001BB9D /* Task.kt */,
				C6F841D7293F38F00001BB9D /* NoAudioTask.kt */,
				C6F841D8293F38F00001BB9D /* StopTask.kt */,
			);
			path = tasks;
			sourceTree = "<group>";
		};
		C6F84A64293F39190001BB9D /* commonMain */ = {
			isa = PBXGroup;
			children = (
				C6F84A65293F39190001BB9D /* kotlin */,
			);
			name = commonMain;
			path = "../../common/list-api/src/commonMain";
			sourceTree = "<group>";
		};
		C6F84A65293F39190001BB9D /* kotlin */ = {
			isa = PBXGroup;
			children = (
				C6F84A66293F39190001BB9D /* com */,
			);
			path = kotlin;
			sourceTree = "<group>";
		};
		C6F84A66293F39190001BB9D /* com */ = {
			isa = PBXGroup;
			children = (
				C6F84A67293F39190001BB9D /* a_blekot */,
			);
			path = com;
			sourceTree = "<group>";
		};
		C6F84A67293F39190001BB9D /* a_blekot */ = {
			isa = PBXGroup;
			children = (
				C6F84A68293F39190001BB9D /* shlokas */,
			);
			path = a_blekot;
			sourceTree = "<group>";
		};
		C6F84A68293F39190001BB9D /* shlokas */ = {
			isa = PBXGroup;
			children = (
				C6F84A69293F39190001BB9D /* common */,
			);
			path = shlokas;
			sourceTree = "<group>";
		};
		C6F84A69293F39190001BB9D /* common */ = {
			isa = PBXGroup;
			children = (
				C6F84A6A293F39190001BB9D /* list_api */,
			);
			path = common;
			sourceTree = "<group>";
		};
		C6F84A6A293F39190001BB9D /* list_api */ = {
			isa = PBXGroup;
			children = (
				C6F84A6B293F39190001BB9D /* ListState.kt */,
				C6F84A6C293F39190001BB9D /* ListComponent.kt */,
				C6F84A6D293F39190001BB9D /* ListPresentation.kt */,
				C6F84A6E293F39190001BB9D /* ListOutput.kt */,
			);
			path = list_api;
			sourceTree = "<group>";
		};
		C6F84A73293F39250001BB9D /* commonMain */ = {
			isa = PBXGroup;
			children = (
				C6F84A74293F39250001BB9D /* kotlin */,
			);
			name = commonMain;
			path = ../../common/utils/src/commonMain;
			sourceTree = "<group>";
		};
		C6F84A74293F39250001BB9D /* kotlin */ = {
			isa = PBXGroup;
			children = (
				C6F84A75293F39250001BB9D /* com */,
			);
			path = kotlin;
			sourceTree = "<group>";
		};
		C6F84A75293F39250001BB9D /* com */ = {
			isa = PBXGroup;
			children = (
				C6F84A76293F39250001BB9D /* a_blekot */,
			);
			path = com;
			sourceTree = "<group>";
		};
		C6F84A76293F39250001BB9D /* a_blekot */ = {
			isa = PBXGroup;
			children = (
				C6F84A77293F39250001BB9D /* shlokas */,
			);
			path = a_blekot;
			sourceTree = "<group>";
		};
		C6F84A77293F39250001BB9D /* shlokas */ = {
			isa = PBXGroup;
			children = (
				C6F84A78293F39250001BB9D /* common */,
			);
			path = shlokas;
			sourceTree = "<group>";
		};
		C6F84A78293F39250001BB9D /* common */ = {
			isa = PBXGroup;
			children = (
				C6F84A79293F39250001BB9D /* utils */,
			);
			path = common;
			sourceTree = "<group>";
		};
		C6F84A79293F39250001BB9D /* utils */ = {
			isa = PBXGroup;
			children = (
				C6F84A7A293F39250001BB9D /* LogTag.kt */,
				C6F84A7C293F39250001BB9D /* Settings.kt */,
				C6F84A7D293F39250001BB9D /* Locale.kt */,
				C6F84A7E293F39250001BB9D /* InappReviewInteractor.kt */,
				C6F84A7F293F39250001BB9D /* Consumer.kt */,
				C6F84A80293F39250001BB9D /* connectivity */,
				C6F84A82293F39250001BB9D /* CoroutinesExt.kt */,
				C6F84A83293F39250001BB9D /* resources */,
				C6F84A89293F39250001BB9D /* dispatchers */,
				C6F84A8C293F39250001BB9D /* StoreExt.kt */,
				C6F84A8E293F39250001BB9D /* MimeTypes.kt */,
				C6F84A8F293F39250001BB9D /* NapierProxy.kt */,
				C6F84A90293F39250001BB9D /* billing */,
				C6F84A95293F39250001BB9D /* analytics */,
				C6F84A9A293F39250001BB9D /* FileUtils.kt */,
			);
			path = utils;
			sourceTree = "<group>";
		};
		C6F84A80293F39250001BB9D /* connectivity */ = {
			isa = PBXGroup;
			children = (
				C6F84A81293F39250001BB9D /* ConnectivityObserver.kt */,
			);
			path = connectivity;
			sourceTree = "<group>";
		};
		C6F84A83293F39250001BB9D /* resources */ = {
			isa = PBXGroup;
			children = (
				C6F84A84293F39250001BB9D /* ConfigReader.kt */,
				C6F84A85293F39250001BB9D /* DonationsMap.kt */,
				C6F84A86293F39250001BB9D /* VersesMap.kt */,
				C6F84A87293F39250001BB9D /* StringResourceHandler.kt */,
				C6F84A88293F39250001BB9D /* ListsMap.kt */,
			);
			path = resources;
			sourceTree = "<group>";
		};
		C6F84A89293F39250001BB9D /* dispatchers */ = {
			isa = PBXGroup;
			children = (
				C6F84A8A293F39250001BB9D /* DispatcherProvider.kt */,
				C6F84A8B293F39250001BB9D /* DispatcherProviderImpl.kt */,
			);
			path = dispatchers;
			sourceTree = "<group>";
		};
		C6F84A90293F39250001BB9D /* billing */ = {
			isa = PBXGroup;
			children = (
				C6F84A91293F39250001BB9D /* BillingEvent.kt */,
				C6F84A92293F39250001BB9D /* BillingOperation.kt */,
				C6F84A93293F39250001BB9D /* BillingHelper.kt */,
				C6F84A94293F39250001BB9D /* BillingHelperDefault.kt */,
			);
			path = billing;
			sourceTree = "<group>";
		};
		C6F84A95293F39250001BB9D /* analytics */ = {
			isa = PBXGroup;
			children = (
				C6F84A96293F39250001BB9D /* AnalyticsParam.kt */,
				C6F84A97293F39250001BB9D /* AnalyticsScreen.kt */,
				C6F84A98293F39250001BB9D /* Analytics.kt */,
				C6F84A99293F39250001BB9D /* AnalyticsEvent.kt */,
			);
			path = analytics;
			sourceTree = "<group>";
		};
/* End PBXGroup section */

/* Begin PBXNativeTarget section */
		7555FF7A242A565900829871 /* iosApp */ = {
			isa = PBXNativeTarget;
			buildConfigurationList = 7555FFA5242A565B00829871 /* Build configuration list for PBXNativeTarget "iosApp" */;
			buildPhases = (
				7555FFB5242A651A00829871 /* ShellScript */,
				7555FF77242A565900829871 /* Sources */,
				7555FF78242A565900829871 /* Frameworks */,
				7555FF79242A565900829871 /* Resources */,
				7555FFB4242A642300829871 /* Embed Frameworks */,
				C640959428FC79ED0057A634 /* ShellScript */,
			);
			buildRules = (
			);
			dependencies = (
			);
			name = iosApp;
			packageProductDependencies = (
				C640958E28FBFC4E0057A634 /* FirebaseAnalytics */,
				C640959028FBFC4E0057A634 /* FirebaseCrashlytics */,
			);
			productName = iosApp;
			productReference = 7555FF7B242A565900829871 /* iosApp.app */;
			productType = "com.apple.product-type.application";
		};
/* End PBXNativeTarget section */

/* Begin PBXProject section */
		7555FF73242A565900829871 /* Project object */ = {
			isa = PBXProject;
			attributes = {
				LastSwiftUpdateCheck = 1130;
				LastUpgradeCheck = 1130;
				ORGANIZATIONNAME = orgName;
				TargetAttributes = {
					7555FF7A242A565900829871 = {
						CreatedOnToolsVersion = 11.3.1;
					};
				};
			};
			buildConfigurationList = 7555FF76242A565900829871 /* Build configuration list for PBXProject "iosApp" */;
			compatibilityVersion = "Xcode 9.3";
			developmentRegion = en;
			hasScannedForEncodings = 0;
			knownRegions = (
				en,
				Base,
			);
			mainGroup = 7555FF72242A565900829871;
			packageReferences = (
				C640958D28FBFC4E0057A634 /* XCRemoteSwiftPackageReference "firebase-ios-sdk" */,
			);
			productRefGroup = 7555FF7C242A565900829871 /* Products */;
			projectDirPath = "";
			projectRoot = "";
			targets = (
				7555FF7A242A565900829871 /* iosApp */,
			);
		};
/* End PBXProject section */

/* Begin PBXResourcesBuildPhase section */
		7555FF79242A565900829871 /* Resources */ = {
			isa = PBXResourcesBuildPhase;
			buildActionMask = 2147483647;
			files = (
				C6F841EC293F38F00001BB9D /* Task.kt in Resources */,
				C6F84AB9293F39250001BB9D /* MimeTypes.kt in Resources */,
				C6F841C3293F38D30001BB9D /* PlayerLabel.kt in Resources */,
				C6F841C1293F38D30001BB9D /* PlayerComponentImpl.kt in Resources */,
				C6F84AB0293F39250001BB9D /* ConfigReader.kt in Resources */,
				C6F82EDD293F385C0001BB9D /* DonationsComponent.kt in Resources */,
				C6F84ABE293F39250001BB9D /* BillingHelperDefault.kt in Resources */,
				C6F84ABA293F39250001BB9D /* NapierProxy.kt in Resources */,
				C6F84AB3293F39250001BB9D /* StringResourceHandler.kt in Resources */,
				C6F84AC0293F39250001BB9D /* AnalyticsScreen.kt in Resources */,
				C6F841F5293F38F00001BB9D /* FtueStatus.kt in Resources */,
				C6F83087293F38970001BB9D /* PlayerComponent.kt in Resources */,
				C6F841F0293F38F00001BB9D /* ListConfig.kt in Resources */,
				C6F83086293F38970001BB9D /* PlayerFeedback.kt in Resources */,
				C6F841E5293F38F00001BB9D /* Donation.kt in Resources */,
				C6F84AB5293F39250001BB9D /* DispatcherProvider.kt in Resources */,
				C6F84A72293F39190001BB9D /* ListOutput.kt in Resources */,
				C6F83088293F38970001BB9D /* PlayerBus.kt in Resources */,
				C6F84AA8293F39250001BB9D /* LogTag.kt in Resources */,
				C65D1E8929A11CA0000965BF /* IOsStringResourceHandler.kt in Resources */,
				C6F84AAE293F39250001BB9D /* ConnectivityObserver.kt in Resources */,
				C6F84ABD293F39250001BB9D /* BillingHelper.kt in Resources */,
				C6F841EA293F38F00001BB9D /* PlayTask.kt in Resources */,
				C6F84AAF293F39250001BB9D /* CoroutinesExt.kt in Resources */,
				C6F83085293F38970001BB9D /* PlayerState.kt in Resources */,
				C6F841E9293F38F00001BB9D /* ResetCounterTask.kt in Resources */,
				C6F84AAD293F39250001BB9D /* Consumer.kt in Resources */,
				C6F84AC2293F39250001BB9D /* AnalyticsEvent.kt in Resources */,
				C6F841EE293F38F00001BB9D /* StopTask.kt in Resources */,
				C65D1E8A29A11CA0000965BF /* IOsFileUtils.kt in Resources */,
				C6F84AAC293F39250001BB9D /* InappReviewInteractor.kt in Resources */,
				C6F841E7293F38F00001BB9D /* PauseTask.kt in Resources */,
				C6F841FA293F38F00001BB9D /* PlatformApi.kt in Resources */,
				C6F841EB293F38F00001BB9D /* IdleTask.kt in Resources */,
				C65D1E8C29A11CF4000965BF /* Locales.kt in Resources */,
				C6F84A71293F39190001BB9D /* ListPresentation.kt in Resources */,
				C6F841F2293F38F00001BB9D /* ShlokaId.kt in Resources */,
				C6F841ED293F38F00001BB9D /* NoAudioTask.kt in Resources */,
				058557D9273AAEEB004C7B11 /* Preview Assets.xcassets in Resources */,
				C6F841F8293F38F00001BB9D /* Shloka.kt in Resources */,
				C6F84AB6293F39250001BB9D /* DispatcherProviderImpl.kt in Resources */,
				C6F82EE8293F38730001BB9D /* SettingsOutput.kt in Resources */,
				C6F841E8293F38F00001BB9D /* PlayTranslationTask.kt in Resources */,
				C6F84A6F293F39190001BB9D /* ListState.kt in Resources */,
				058557BB273AAA24004C7B11 /* Assets.xcassets in Resources */,
				C6F82EEA293F38730001BB9D /* SettingsComponent.kt in Resources */,
				C6F84AC1293F39250001BB9D /* Analytics.kt in Resources */,
				C6F841C2293F38D30001BB9D /* PlayerBusImpl.kt in Resources */,
				C6F84A70293F39190001BB9D /* ListComponent.kt in Resources */,
				C6F841F7293F38F00001BB9D /* ShlokaConfig.kt in Resources */,
				C6F841C6293F38D30001BB9D /* PlayerStoreFactory.kt in Resources */,
				C6F84ABF293F39250001BB9D /* AnalyticsParam.kt in Resources */,
				C6F84AB7293F39250001BB9D /* StoreExt.kt in Resources */,
				C6F841F6293F38F00001BB9D /* ListId.kt in Resources */,
				C6F82EDC293F385C0001BB9D /* DonationsOutput.kt in Resources */,
				C6F841F9293F38F00001BB9D /* Chunk.kt in Resources */,
				C6F841C5293F38D30001BB9D /* PlayerStore.kt in Resources */,
				C6F841C0293F38D30001BB9D /* PlayerDeps.kt in Resources */,
				C6F84ABB293F39250001BB9D /* BillingEvent.kt in Resources */,
				C6F82EDB293F385C0001BB9D /* DonationsState.kt in Resources */,
				C6F84ABC293F39250001BB9D /* BillingOperation.kt in Resources */,
				C6F83089293F38970001BB9D /* PlayerOutput.kt in Resources */,
				C6F84AB1293F39250001BB9D /* DonationsMap.kt in Resources */,
				C640958C28FBFA7F0057A634 /* GoogleService-Info.plist in Resources */,
				C6F841F4293F38F00001BB9D /* DonationLevel.kt in Resources */,
				C6F841C4293F38D30001BB9D /* PlayerIntent.kt in Resources */,
				C6F841F3293F38F00001BB9D /* PlayConfig.kt in Resources */,
				C6F841E6293F38F00001BB9D /* SetTrackTask.kt in Resources */,
				C6F84AC3293F39250001BB9D /* FileUtils.kt in Resources */,
				C6F82EE9293F38730001BB9D /* SettingsState.kt in Resources */,
				C6F84AAA293F39250001BB9D /* Settings.kt in Resources */,
				C6F84AB2293F39250001BB9D /* VersesMap.kt in Resources */,
				C6F84AB4293F39250001BB9D /* ListsMap.kt in Resources */,
			);
			runOnlyForDeploymentPostprocessing = 0;
		};
/* End PBXResourcesBuildPhase section */

/* Begin PBXShellScriptBuildPhase section */
		7555FFB5242A651A00829871 /* ShellScript */ = {
			isa = PBXShellScriptBuildPhase;
			buildActionMask = 2147483647;
			files = (
			);
			inputFileListPaths = (
			);
			inputPaths = (
			);
			outputFileListPaths = (
			);
			outputPaths = (
			);
			runOnlyForDeploymentPostprocessing = 0;
			shellPath = /bin/sh;
			shellScript = "cd \"$SRCROOT/..\"\n./gradlew :common:root:embedAndSignAppleFrameworkForXcode\n\n./gradlew :common:resourcez:copyResourcesDebugTestIosSimulatorArm64 \\\n    -Pmoko.resources.PLATFORM_NAME=$PLATFORM_NAME \\\n    -Pmoko.resources.CONFIGURATION=$CONFIGURATION \\\n    -Pmoko.resources.BUILT_PRODUCTS_DIR=$BUILT_PRODUCTS_DIR \\\n    -Pmoko.resources.CONTENTS_FOLDER_PATH=$CONTENTS_FOLDER_PATH\n    \n#./gradlew :common:resources:copyResourcesDebugTestIosArm64 \\\n#    -Pmoko.resources.PLATFORM_NAME=$PLATFORM_NAME \\\n#    -Pmoko.resources.CONFIGURATION=$CONFIGURATION \\\n#    -Pmoko.resources.BUILT_PRODUCTS_DIR=$BUILT_PRODUCTS_DIR \\\n#    -Pmoko.resources.CONTENTS_FOLDER_PATH=$CONTENTS_FOLDER_PATH\n    \n#./gradlew :common:root:copyResourcesMPLReleaseXCFrameworkToApp \\\n#    -Pmoko.resources.BUILT_PRODUCTS_DIR=$BUILT_PRODUCTS_DIR \\\n#    -Pmoko.resources.CONTENTS_FOLDER_PATH=$CONTENTS_FOLDER_PATH\n\n#./gradlew :common:root:copyFrameworkResourcesToApp \\\n#    -Pmoko.resources.PLATFORM_NAME=$PLATFORM_NAME \\\n#    -Pmoko.resources.CONFIGURATION=$CONFIGURATION \\\n#    -Pmoko.resources.BUILT_PRODUCTS_DIR=$BUILT_PRODUCTS_DIR \\\n#    -Pmoko.resources.CONTENTS_FOLDER_PATH=$CONTENTS_FOLDER_PATH\n\n#\"$SRCROOT/../gradlew\" -p \"$SRCROOT/../\" :shared:copyFrameworkResourcesToApp \\\n#    -Pmoko.resources.PLATFORM_NAME=\"$PLATFORM_NAME\" \\\n#    -Pmoko.resources.CONFIGURATION=\"$CONFIGURATION\" \\\n#    -Pmoko.resources.ARCHS=\"$ARCHS\" \\\n#    -Pmoko.resources.BUILT_PRODUCTS_DIR=\"$BUILT_PRODUCTS_DIR\" \\\n#    -Pmoko.resources.CONTENTS_FOLDER_PATH=\"$CONTENTS_FOLDER_PATH\" \n\n";
		};
		C640959428FC79ED0057A634 /* ShellScript */ = {
			isa = PBXShellScriptBuildPhase;
			buildActionMask = 2147483647;
			files = (
			);
			inputFileListPaths = (
			);
			inputPaths = (
				"${DWARF_DSYM_FOLDER_PATH}/${DWARF_DSYM_FILE_NAME}/Contents/Resources/DWARF/${TARGET_NAME}",
				"$(SRCROOT)/$(BUILT_PRODUCTS_DIR)/$(INFOPLIST_PATH)",
			);
			outputFileListPaths = (
			);
			outputPaths = (
			);
			runOnlyForDeploymentPostprocessing = 0;
			shellPath = /bin/sh;
			shellScript = "\"${BUILD_DIR%/Build/*}/SourcePackages/checkouts/firebase-ios-sdk/Crashlytics/run\"\n";
		};
/* End PBXShellScriptBuildPhase section */

/* Begin PBXSourcesBuildPhase section */
		7555FF77242A565900829871 /* Sources */ = {
			isa = PBXSourcesBuildPhase;
			buildActionMask = 2147483647;
			files = (
				C6DC4ED228F5516900012D2B /* RemoteControlHandler.swift in Sources */,
				C67396B628FB3D2400F1992B /* LocalePicker.swift in Sources */,
				C60B318628F990B7001AB927 /* SmoothProgress.swift in Sources */,
				C6DC4EE028F5516900012D2B /* Colors.swift in Sources */,
				C6DC4ED328F5516900012D2B /* NotificationsHandler.swift in Sources */,
				C60B318A28F99D2F001AB927 /* DialogButton.swift in Sources */,
				C60B317B28F9710F001AB927 /* StubPlayerComponent.swift in Sources */,
				C698535B28F84F40000CF70A /* StubPlayerBus.swift in Sources */,
				2152FB042600AC8F00CF470E /* iOSApp.swift in Sources */,
				C640959328FBFE3E0057A634 /* MailView.swift in Sources */,
				C6DC4ECD28F5516900012D2B /* PlayButton.swift in Sources */,
				C60B318428F98D8D001AB927 /* PlayPauseButton.swift in Sources */,
				C6DC4EDE28F5516900012D2B /* Sizes.swift in Sources */,
				C698535E28F85209000CF70A /* ListView.swift in Sources */,
				C6DC4ED928F5516900012D2B /* PlayerStatus.swift in Sources */,
				C6DC4EDD28F5516900012D2B /* TimeUtils.swift in Sources */,
				A06295782C61496B00B436B0 /* ToastView.swift in Sources */,
				C6DC4ED428F5516900012D2B /* RemoteControlMode.swift in Sources */,
				C6DC4ECB28F5516900012D2B /* ComponentHolder.swift in Sources */,
				C6DC4ECE28F5516900012D2B /* FavoriteButton.swift in Sources */,
				A0D9B6C82C5E7C720002A630 /* Toast.swift in Sources */,
				A06295762C5F828200B436B0 /* PlayerButton.swift in Sources */,
				C6251476293A1A6100C5477A /* IAPManager.swift in Sources */,
				C625146D2939F77500C5477A /* Purchases.swift in Sources */,
				C698536628F962D7000CF70A /* ChooseListButton.swift in Sources */,
				A06295742C5F78C300B436B0 /* SpeedPicker.swift in Sources */,
				C60B318828F99A83001AB927 /* ClosePlayerDialog.swift in Sources */,
				C67396B228FAD0A300F1992B /* SettingsView.swift in Sources */,
				C60B318028F98491001AB927 /* FoldableView.swift in Sources */,
				C60B318228F98AE1001AB927 /* PlayerTitleAndProgress.swift in Sources */,
				C640959628FC7E160057A634 /* CrashlyticsLog.swift in Sources */,
				C67396B428FB32C100F1992B /* WeekPicker.swift in Sources */,
				C6DC4EDB28F5516900012D2B /* PlayerItem.swift in Sources */,
				C640959828FC83C90057A634 /* AppUtil.swift in Sources */,
				C698535728F749C7000CF70A /* Analytics.swift in Sources */,
				C698536428F9527D000CF70A /* ChooseList.swift in Sources */,
				C6DC4ED828F5516900012D2B /* Defaults.swift in Sources */,
				C6DC4EA228F54A1D00012D2B /* StubListComponent.swift in Sources */,
				C6A9CA6228F40DD200222DBB /* SimpleRouterState.swift in Sources */,
				C6A88901292E57030009DF1F /* MarkdownText.swift in Sources */,
				C6DC4EA028F549D900012D2B /* StubRootComponent.swift in Sources */,
				C60B317728F96978001AB927 /* PlayerView.swift in Sources */,
				C6DC4EC628F5516900012D2B /* RootView.swift in Sources */,
				C6A9CA6028F40DAC00222DBB /* ObservableValue.swift in Sources */,
				C6DC4E9D28F5493000012D2B /* Mocks.swift in Sources */,
				C6DC4ECC28F5516900012D2B /* ContentView.swift in Sources */,
				C698536228F94B3E000CF70A /* StandartCheckBox.swift in Sources */,
				C6DC4EDF28F5516900012D2B /* Theme.swift in Sources */,
				C6DC4ED728F5516900012D2B /* PeriodicTimeObserver.swift in Sources */,
				C6C9E8E2292B87F2007BADA9 /* PreRatingPopup.swift in Sources */,
				C698535928F7FA4A000CF70A /* AnyFlow.swift in Sources */,
				C6DC4ECF28F5516900012D2B /* CornerRadius.swift in Sources */,
				C698536028F8531B000CF70A /* ListItemView.swift in Sources */,
				C6DC4EDA28F5516900012D2B /* Player.swift in Sources */,
			);
			runOnlyForDeploymentPostprocessing = 0;
		};
/* End PBXSourcesBuildPhase section */

/* Begin XCBuildConfiguration section */
		7555FFA3242A565B00829871 /* Debug */ = {
			isa = XCBuildConfiguration;
			buildSettings = {
				ALWAYS_SEARCH_USER_PATHS = NO;
				CLANG_ANALYZER_NONNULL = YES;
				CLANG_ANALYZER_NUMBER_OBJECT_CONVERSION = YES_AGGRESSIVE;
				CLANG_CXX_LANGUAGE_STANDARD = "gnu++14";
				CLANG_CXX_LIBRARY = "libc++";
				CLANG_ENABLE_MODULES = YES;
				CLANG_ENABLE_OBJC_ARC = YES;
				CLANG_ENABLE_OBJC_WEAK = YES;
				CLANG_WARN_BLOCK_CAPTURE_AUTORELEASING = YES;
				CLANG_WARN_BOOL_CONVERSION = YES;
				CLANG_WARN_COMMA = YES;
				CLANG_WARN_CONSTANT_CONVERSION = YES;
				CLANG_WARN_DEPRECATED_OBJC_IMPLEMENTATIONS = YES;
				CLANG_WARN_DIRECT_OBJC_ISA_USAGE = YES_ERROR;
				CLANG_WARN_DOCUMENTATION_COMMENTS = YES;
				CLANG_WARN_EMPTY_BODY = YES;
				CLANG_WARN_ENUM_CONVERSION = YES;
				CLANG_WARN_INFINITE_RECURSION = YES;
				CLANG_WARN_INT_CONVERSION = YES;
				CLANG_WARN_NON_LITERAL_NULL_CONVERSION = YES;
				CLANG_WARN_OBJC_IMPLICIT_RETAIN_SELF = YES;
				CLANG_WARN_OBJC_LITERAL_CONVERSION = YES;
				CLANG_WARN_OBJC_ROOT_CLASS = YES_ERROR;
				CLANG_WARN_QUOTED_INCLUDE_IN_FRAMEWORK_HEADER = YES;
				CLANG_WARN_RANGE_LOOP_ANALYSIS = YES;
				CLANG_WARN_STRICT_PROTOTYPES = YES;
				CLANG_WARN_SUSPICIOUS_MOVE = YES;
				CLANG_WARN_UNGUARDED_AVAILABILITY = YES_AGGRESSIVE;
				CLANG_WARN_UNREACHABLE_CODE = YES;
				CLANG_WARN__DUPLICATE_METHOD_MATCH = YES;
				COPY_PHASE_STRIP = NO;
				DEBUG_INFORMATION_FORMAT = "dwarf-with-dsym";
				ENABLE_STRICT_OBJC_MSGSEND = YES;
				ENABLE_TESTABILITY = YES;
				ENABLE_USER_SCRIPT_SANDBOXING = NO;
				GCC_C_LANGUAGE_STANDARD = gnu11;
				GCC_DYNAMIC_NO_PIC = NO;
				GCC_NO_COMMON_BLOCKS = YES;
				GCC_OPTIMIZATION_LEVEL = 0;
				GCC_PREPROCESSOR_DEFINITIONS = (
					"DEBUG=1",
					"$(inherited)",
				);
				GCC_WARN_64_TO_32_BIT_CONVERSION = YES;
				GCC_WARN_ABOUT_RETURN_TYPE = YES_ERROR;
				GCC_WARN_UNDECLARED_SELECTOR = YES;
				GCC_WARN_UNINITIALIZED_AUTOS = YES_AGGRESSIVE;
				GCC_WARN_UNUSED_FUNCTION = YES;
				GCC_WARN_UNUSED_VARIABLE = YES;
				IPHONEOS_DEPLOYMENT_TARGET = 15.0;
				MTL_ENABLE_DEBUG_INFO = INCLUDE_SOURCE;
				MTL_FAST_MATH = YES;
				ONLY_ACTIVE_ARCH = YES;
				SDKROOT = iphoneos;
				SWIFT_ACTIVE_COMPILATION_CONDITIONS = DEBUG;
				SWIFT_OPTIMIZATION_LEVEL = "-Onone";
			};
			name = Debug;
		};
		7555FFA4242A565B00829871 /* Release */ = {
			isa = XCBuildConfiguration;
			buildSettings = {
				ALWAYS_SEARCH_USER_PATHS = NO;
				CLANG_ANALYZER_NONNULL = YES;
				CLANG_ANALYZER_NUMBER_OBJECT_CONVERSION = YES_AGGRESSIVE;
				CLANG_CXX_LANGUAGE_STANDARD = "gnu++14";
				CLANG_CXX_LIBRARY = "libc++";
				CLANG_ENABLE_MODULES = YES;
				CLANG_ENABLE_OBJC_ARC = YES;
				CLANG_ENABLE_OBJC_WEAK = YES;
				CLANG_WARN_BLOCK_CAPTURE_AUTORELEASING = YES;
				CLANG_WARN_BOOL_CONVERSION = YES;
				CLANG_WARN_COMMA = YES;
				CLANG_WARN_CONSTANT_CONVERSION = YES;
				CLANG_WARN_DEPRECATED_OBJC_IMPLEMENTATIONS = YES;
				CLANG_WARN_DIRECT_OBJC_ISA_USAGE = YES_ERROR;
				CLANG_WARN_DOCUMENTATION_COMMENTS = YES;
				CLANG_WARN_EMPTY_BODY = YES;
				CLANG_WARN_ENUM_CONVERSION = YES;
				CLANG_WARN_INFINITE_RECURSION = YES;
				CLANG_WARN_INT_CONVERSION = YES;
				CLANG_WARN_NON_LITERAL_NULL_CONVERSION = YES;
				CLANG_WARN_OBJC_IMPLICIT_RETAIN_SELF = YES;
				CLANG_WARN_OBJC_LITERAL_CONVERSION = YES;
				CLANG_WARN_OBJC_ROOT_CLASS = YES_ERROR;
				CLANG_WARN_QUOTED_INCLUDE_IN_FRAMEWORK_HEADER = YES;
				CLANG_WARN_RANGE_LOOP_ANALYSIS = YES;
				CLANG_WARN_STRICT_PROTOTYPES = YES;
				CLANG_WARN_SUSPICIOUS_MOVE = YES;
				CLANG_WARN_UNGUARDED_AVAILABILITY = YES_AGGRESSIVE;
				CLANG_WARN_UNREACHABLE_CODE = YES;
				CLANG_WARN__DUPLICATE_METHOD_MATCH = YES;
				COPY_PHASE_STRIP = NO;
				DEBUG_INFORMATION_FORMAT = "dwarf-with-dsym";
				ENABLE_NS_ASSERTIONS = NO;
				ENABLE_STRICT_OBJC_MSGSEND = YES;
				GCC_C_LANGUAGE_STANDARD = gnu11;
				GCC_NO_COMMON_BLOCKS = YES;
				GCC_WARN_64_TO_32_BIT_CONVERSION = YES;
				GCC_WARN_ABOUT_RETURN_TYPE = YES_ERROR;
				GCC_WARN_UNDECLARED_SELECTOR = YES;
				GCC_WARN_UNINITIALIZED_AUTOS = YES_AGGRESSIVE;
				GCC_WARN_UNUSED_FUNCTION = YES;
				GCC_WARN_UNUSED_VARIABLE = YES;
				IPHONEOS_DEPLOYMENT_TARGET = 15.0;
				MTL_ENABLE_DEBUG_INFO = NO;
				MTL_FAST_MATH = YES;
				SDKROOT = iphoneos;
				SWIFT_COMPILATION_MODE = wholemodule;
				SWIFT_OPTIMIZATION_LEVEL = "-O";
				VALIDATE_PRODUCT = YES;
			};
			name = Release;
		};
		7555FFA6242A565B00829871 /* Debug */ = {
			isa = XCBuildConfiguration;
			buildSettings = {
				ASSETCATALOG_COMPILER_APPICON_NAME = AppIcon;
				CODE_SIGN_ENTITLEMENTS = iosApp/iosApp.entitlements;
				CODE_SIGN_STYLE = Automatic;
				DEBUG_INFORMATION_FORMAT = "dwarf-with-dsym";
				DEVELOPMENT_ASSET_PATHS = "\"iosApp/Preview Content\"";
				DEVELOPMENT_TEAM = HAPVA897UF;
				ENABLE_PREVIEWS = YES;
				FRAMEWORK_SEARCH_PATHS = "$(SRCROOT)/../common/root/build/xcode-frameworks/$(CONFIGURATION)/$(SDK_NAME)";
				INFOPLIST_FILE = iosApp/Info.plist;
				LD_RUNPATH_SEARCH_PATHS = (
					"$(inherited)",
					"@executable_path/Frameworks",
				);
				MARKETING_VERSION = 1.3;
				OTHER_LDFLAGS = (
					"$(inherited)",
					"-framework",
					Prabhupada,
				);
				"OTHER_SWIFT_FLAGS[arch=*]" = "-D SHLOKA_DEBUG";
				PRODUCT_BUNDLE_IDENTIFIER = "memorize-shlokas.iosApp";
				PRODUCT_NAME = "$(TARGET_NAME)";
				SWIFT_VERSION = 5.0;
				TARGETED_DEVICE_FAMILY = "1,2";
			};
			name = Debug;
		};
		7555FFA7242A565B00829871 /* Release */ = {
			isa = XCBuildConfiguration;
			buildSettings = {
				ASSETCATALOG_COMPILER_APPICON_NAME = AppIcon;
				CODE_SIGN_ENTITLEMENTS = iosApp/iosApp.entitlements;
				CODE_SIGN_STYLE = Automatic;
				DEBUG_INFORMATION_FORMAT = "dwarf-with-dsym";
				DEVELOPMENT_ASSET_PATHS = "\"iosApp/Preview Content\"";
				DEVELOPMENT_TEAM = HAPVA897UF;
				ENABLE_PREVIEWS = YES;
				FRAMEWORK_SEARCH_PATHS = "$(SRCROOT)/../common/root/build/xcode-frameworks/$(CONFIGURATION)/$(SDK_NAME)";
				INFOPLIST_FILE = iosApp/Info.plist;
				LD_RUNPATH_SEARCH_PATHS = (
					"$(inherited)",
					"@executable_path/Frameworks",
				);
				MARKETING_VERSION = 1.3;
				OTHER_LDFLAGS = (
					"$(inherited)",
					"-framework",
					Prabhupada,
				);
				PRODUCT_BUNDLE_IDENTIFIER = "memorize-shlokas.iosApp";
				PRODUCT_NAME = "$(TARGET_NAME)";
				SWIFT_VERSION = 5.0;
				TARGETED_DEVICE_FAMILY = "1,2";
			};
			name = Release;
		};
/* End XCBuildConfiguration section */

/* Begin XCConfigurationList section */
		7555FF76242A565900829871 /* Build configuration list for PBXProject "iosApp" */ = {
			isa = XCConfigurationList;
			buildConfigurations = (
				7555FFA3242A565B00829871 /* Debug */,
				7555FFA4242A565B00829871 /* Release */,
			);
			defaultConfigurationIsVisible = 0;
			defaultConfigurationName = Release;
		};
		7555FFA5242A565B00829871 /* Build configuration list for PBXNativeTarget "iosApp" */ = {
			isa = XCConfigurationList;
			buildConfigurations = (
				7555FFA6242A565B00829871 /* Debug */,
				7555FFA7242A565B00829871 /* Release */,
			);
			defaultConfigurationIsVisible = 0;
			defaultConfigurationName = Release;
		};
/* End XCConfigurationList section */

/* Begin XCRemoteSwiftPackageReference section */
		C640958D28FBFC4E0057A634 /* XCRemoteSwiftPackageReference "firebase-ios-sdk" */ = {
			isa = XCRemoteSwiftPackageReference;
			repositoryURL = "https://github.com/firebase/firebase-ios-sdk";
			requirement = {
				kind = upToNextMajorVersion;
				minimumVersion = 9.0.0;
			};
		};
/* End XCRemoteSwiftPackageReference section */

/* Begin XCSwiftPackageProductDependency section */
		C640958E28FBFC4E0057A634 /* FirebaseAnalytics */ = {
			isa = XCSwiftPackageProductDependency;
			package = C640958D28FBFC4E0057A634 /* XCRemoteSwiftPackageReference "firebase-ios-sdk" */;
			productName = FirebaseAnalytics;
		};
		C640959028FBFC4E0057A634 /* FirebaseCrashlytics */ = {
			isa = XCSwiftPackageProductDependency;
			package = C640958D28FBFC4E0057A634 /* XCRemoteSwiftPackageReference "firebase-ios-sdk" */;
			productName = FirebaseCrashlytics;
		};
/* End XCSwiftPackageProductDependency section */
	};
	rootObject = 7555FF73242A565900829871 /* Project object */;
}
